
Microsoft Visual Studio Solution File, Format Version 12.00
# Visual Studio Version 17
VisualStudioVersion = 17.13.35825.156
MinimumVisualStudioVersion = 10.0.40219.1
Project("{FAE04EC0-301F-11D3-BF4B-00C04F79EFBC}") = "DotCraft.App", "src\DotCraft.App\DotCraft.App.csproj", "{8E5A7C6B-0E9D-4F73-8C52-1E6C77B5349A}"
EndProject
Project("{FAE04EC0-301F-11D3-BF4B-00C04F79EFBC}") = "DotCraft.Core", "src\DotCraft.Core\DotCraft.Core.csproj", "{A1B2C3D4-E5F6-7890-ABCD-EF1234567890}"
EndProject
Project("{FAE04EC0-301F-11D3-BF4B-00C04F79EFBC}") = "DotCraft.Generators", "src\DotCraft.Generators\DotCraft.Generators.csproj", "{B2C3D4E5-6789-4B9A-CDEF-012345678901}"
EndProject
Project("{FAE04EC0-301F-11D3-BF4B-00C04F79EFBC}") = "DotCraft.Core.Tests", "tests\DotCraft.Core.Tests\DotCraft.Core.Tests.csproj", "{78456EB1-623C-4644-971B-341DE3478752}"
EndProject
Project("{FAE04EC0-301F-11D3-BF4B-00C04F79EFBC}") = "DotCraft.AppServerTestClient", "src\DotCraft.AppServerTestClient\DotCraft.AppServerTestClient.csproj", "{235BC437-5769-45DE-B963-150B47AA0725}"
EndProject
Project("{FAE04EC0-301F-11D3-BF4B-00C04F79EFBC}") = "DotCraft.Automations", "src\DotCraft.Automations\DotCraft.Automations.csproj", "{50E9DFB4-6572-4CCC-8502-0A252B087960}"
EndProject
Project("{FAE04EC0-301F-11D3-BF4B-00C04F79EFBC}") = "DotCraft.App.Tests", "tests\DotCraft.App.Tests\DotCraft.App.Tests.csproj", "{A81F6648-F084-4A1D-A881-D5684F9D3F1E}"
EndProject
Project("{FAE04EC0-301F-11D3-BF4B-00C04F79EFBC}") = "DotCraft.Teams", "src\DotCraft.Teams\DotCraft.Teams.csproj", "{C52907E3-B6EA-4C96-B4F3-DFF45333F0AC}"
EndProject
Project("{FAE04EC0-301F-11D3-BF4B-00C04F79EFBC}") = "DotCraft.Protocol", "src\DotCraft.Protocol\DotCraft.Protocol.csproj", "{2C9EADC8-C5B7-4241-812F-810B5945696E}"
EndProject
Project("{FAE04EC0-301F-11D3-BF4B-00C04F79EFBC}") = "DotCraft.Protocol.Generators", "src\DotCraft.Protocol.Generators\DotCraft.Protocol.Generators.csproj", "{3B7690AF-C157-4A88-81F0-E85E86F50E04}"
EndProject
Project("{FAE04EC0-301F-11D3-BF4B-00C04F79EFBC}") = "DotCraft.Protocol.Tests", "tests\DotCraft.Protocol.Tests\DotCraft.Protocol.Tests.csproj", "{6FD5BF9C-B7E7-45A3-AC49-369ED5F72278}"
EndProject
Project("{FAE04EC0-301F-11D3-BF4B-00C04F79EFBC}") = "DotCraft.ProtocolGen", "tools\DotCraft.ProtocolGen\DotCraft.ProtocolGen.csproj", "{6CD4DB48-E31B-4381-8469-01FE28B8D668}"
EndProject
Project("{FAE04EC0-301F-11D3-BF4B-00C04F79EFBC}") = "DotCraft.ProtocolGen.Tests", "tests\DotCraft.ProtocolGen.Tests\DotCraft.ProtocolGen.Tests.csproj", "{6B92BA8D-3CEB-4A29-895E-55769B0EAD4C}"
EndProject
Project("{FAE04EC0-301F-11D3-BF4B-00C04F79EFBC}") = "DotCraft.Agents", "src\DotCraft.Agents\DotCraft.Agents.csproj", "{D1C673D1-0D0D-4E95-8E20-214E361B4A57}"
EndProject
Project("{FAE04EC0-301F-11D3-BF4B-00C04F79EFBC}") = "DotCraft.Agents.Tests", "tests\DotCraft.Agents.Tests\DotCraft.Agents.Tests.csproj", "{50469D90-BB49-4668-91CD-A05E97F8BFE1}"
EndProject
Project("{FAE04EC0-301F-11D3-BF4B-00C04F79EFBC}") = "DotCraft.Agents.OpenAI", "src\DotCraft.Agents.OpenAI\DotCraft.Agents.OpenAI.csproj", "{69792772-33F6-41A7-837F-B1A0E7480608}"
EndProject
Project("{FAE04EC0-301F-11D3-BF4B-00C04F79EFBC}") = "DotCraft.Agents.Anthropic", "src\DotCraft.Agents.Anthropic\DotCraft.Agents.Anthropic.csproj", "{7FFA607A-121A-4769-9DF3-2E9CA60C738E}"
EndProject
Project("{2150E333-8FDC-42A3-9474-1A3956D46DE8}") = "src", "src", "{827E0CD3-B72D-47B6-A68D-7590B98EB39B}"
EndProject
Project("{FAE04EC0-301F-11D3-BF4B-00C04F79EFBC}") = "Oratorio.Server", "src\Oratorio.Server\Oratorio.Server.csproj", "{FDDA9C3F-FF1F-4859-8B12-450C481812BA}"
EndProject
Project("{2150E333-8FDC-42A3-9474-1A3956D46DE8}") = "sdk", "sdk", "{FF13A09E-0E72-1904-124B-A4E979EF28D3}"
EndProject
Project("{2150E333-8FDC-42A3-9474-1A3956D46DE8}") = "dotnet", "dotnet", "{9D954F24-B3F1-FF05-00E7-71549D8DD0D6}"
EndProject
Project("{2150E333-8FDC-42A3-9474-1A3956D46DE8}") = "src", "src", "{43053DFA-820D-9761-1312-3A80C6DA658E}"
EndProject
Project("{FAE04EC0-301F-11D3-BF4B-00C04F79EFBC}") = "DotCraft.Sdk", "sdk\dotnet\src\DotCraft.Sdk\DotCraft.Sdk.csproj", "{7CB4AF39-B865-476D-AA29-84434E935F73}"
EndProject
Project("{2150E333-8FDC-42A3-9474-1A3956D46DE8}") = "tests", "tests", "{0AB3BF05-4346-4AA6-1389-037BE0695223}"
EndProject
Project("{FAE04EC0-301F-11D3-BF4B-00C04F79EFBC}") = "Oratorio.Server.Tests", "tests\Oratorio.Server.Tests\Oratorio.Server.Tests.csproj", "{F20FDC5B-1A60-413A-A268-035806F3EEA6}"
EndProject
Global
	GlobalSection(SolutionConfigurationPlatforms) = preSolution
		Debug|x64 = Debug|x64
		Debug|Any CPU = Debug|Any CPU
		Debug|x86 = Debug|x86
		Release|x64 = Release|x64
		Release|Any CPU = Release|Any CPU
		Release|x86 = Release|x86
	EndGlobalSection
	GlobalSection(ProjectConfigurationPlatforms) = postSolution
		{8E5A7C6B-0E9D-4F73-8C52-1E6C77B5349A}.Debug|x64.ActiveCfg = Debug|Any CPU
		{8E5A7C6B-0E9D-4F73-8C52-1E6C77B5349A}.Debug|x64.Build.0 = Debug|Any CPU
		{8E5A7C6B-0E9D-4F73-8C52-1E6C77B5349A}.Debug|Any CPU.ActiveCfg = Debug|Any CPU
		{8E5A7C6B-0E9D-4F73-8C52-1E6C77B5349A}.Debug|Any CPU.Build.0 = Debug|Any CPU
		{8E5A7C6B-0E9D-4F73-8C52-1E6C77B5349A}.Debug|x86.ActiveCfg = Debug|Any CPU
		{8E5A7C6B-0E9D-4F73-8C52-1E6C77B5349A}.Debug|x86.Build.0 = Debug|Any CPU
		{8E5A7C6B-0E9D-4F73-8C52-1E6C77B5349A}.Release|x64.ActiveCfg = Release|Any CPU
		{8E5A7C6B-0E9D-4F73-8C52-1E6C77B5349A}.Release|x64.Build.0 = Release|Any CPU
		{8E5A7C6B-0E9D-4F73-8C52-1E6C77B5349A}.Release|Any CPU.ActiveCfg = Release|Any CPU
		{8E5A7C6B-0E9D-4F73-8C52-1E6C77B5349A}.Release|Any CPU.Build.0 = Release|Any CPU
		{8E5A7C6B-0E9D-4F73-8C52-1E6C77B5349A}.Release|x86.ActiveCfg = Release|Any CPU
		{8E5A7C6B-0E9D-4F73-8C52-1E6C77B5349A}.Release|x86.Build.0 = Release|Any CPU
		{A1B2C3D4-E5F6-7890-ABCD-EF1234567890}.Debug|x64.ActiveCfg = Debug|Any CPU
		{A1B2C3D4-E5F6-7890-ABCD-EF1234567890}.Debug|x64.Build.0 = Debug|Any CPU
		{A1B2C3D4-E5F6-7890-ABCD-EF1234567890}.Debug|Any CPU.ActiveCfg = Debug|Any CPU
		{A1B2C3D4-E5F6-7890-ABCD-EF1234567890}.Debug|Any CPU.Build.0 = Debug|Any CPU
		{A1B2C3D4-E5F6-7890-ABCD-EF1234567890}.Debug|x86.ActiveCfg = Debug|Any CPU
		{A1B2C3D4-E5F6-7890-ABCD-EF1234567890}.Debug|x86.Build.0 = Debug|Any CPU
		{A1B2C3D4-E5F6-7890-ABCD-EF1234567890}.Release|x64.ActiveCfg = Release|Any CPU
		{A1B2C3D4-E5F6-7890-ABCD-EF1234567890}.Release|x64.Build.0 = Release|Any CPU
		{A1B2C3D4-E5F6-7890-ABCD-EF1234567890}.Release|Any CPU.ActiveCfg = Release|Any CPU
		{A1B2C3D4-E5F6-7890-ABCD-EF1234567890}.Release|Any CPU.Build.0 = Release|Any CPU
		{A1B2C3D4-E5F6-7890-ABCD-EF1234567890}.Release|x86.ActiveCfg = Release|Any CPU
		{A1B2C3D4-E5F6-7890-ABCD-EF1234567890}.Release|x86.Build.0 = Release|Any CPU
		{B2C3D4E5-6789-4B9A-CDEF-012345678901}.Debug|x64.ActiveCfg = Debug|Any CPU
		{B2C3D4E5-6789-4B9A-CDEF-012345678901}.Debug|x64.Build.0 = Debug|Any CPU
		{B2C3D4E5-6789-4B9A-CDEF-012345678901}.Debug|Any CPU.ActiveCfg = Debug|Any CPU
		{B2C3D4E5-6789-4B9A-CDEF-012345678901}.Debug|Any CPU.Build.0 = Debug|Any CPU
		{B2C3D4E5-6789-4B9A-CDEF-012345678901}.Debug|x86.ActiveCfg = Debug|Any CPU
		{B2C3D4E5-6789-4B9A-CDEF-012345678901}.Debug|x86.Build.0 = Debug|Any CPU
		{B2C3D4E5-6789-4B9A-CDEF-012345678901}.Release|x64.ActiveCfg = Release|Any CPU
		{B2C3D4E5-6789-4B9A-CDEF-012345678901}.Release|x64.Build.0 = Release|Any CPU
		{B2C3D4E5-6789-4B9A-CDEF-012345678901}.Release|Any CPU.ActiveCfg = Release|Any CPU
		{B2C3D4E5-6789-4B9A-CDEF-012345678901}.Release|Any CPU.Build.0 = Release|Any CPU
		{B2C3D4E5-6789-4B9A-CDEF-012345678901}.Release|x86.ActiveCfg = Release|Any CPU
		{B2C3D4E5-6789-4B9A-CDEF-012345678901}.Release|x86.Build.0 = Release|Any CPU
		{78456EB1-623C-4644-971B-341DE3478752}.Debug|x64.ActiveCfg = Debug|Any CPU
		{78456EB1-623C-4644-971B-341DE3478752}.Debug|x64.Build.0 = Debug|Any CPU
		{78456EB1-623C-4644-971B-341DE3478752}.Debug|Any CPU.ActiveCfg = Debug|Any CPU
		{78456EB1-623C-4644-971B-341DE3478752}.Debug|Any CPU.Build.0 = Debug|Any CPU
		{78456EB1-623C-4644-971B-341DE3478752}.Debug|x86.ActiveCfg = Debug|Any CPU
		{78456EB1-623C-4644-971B-341DE3478752}.Debug|x86.Build.0 = Debug|Any CPU
		{78456EB1-623C-4644-971B-341DE3478752}.Release|x64.ActiveCfg = Release|Any CPU
		{78456EB1-623C-4644-971B-341DE3478752}.Release|x64.Build.0 = Release|Any CPU
		{78456EB1-623C-4644-971B-341DE3478752}.Release|Any CPU.ActiveCfg = Release|Any CPU
		{78456EB1-623C-4644-971B-341DE3478752}.Release|Any CPU.Build.0 = Release|Any CPU
		{78456EB1-623C-4644-971B-341DE3478752}.Release|x86.ActiveCfg = Release|Any CPU
		{78456EB1-623C-4644-971B-341DE3478752}.Release|x86.Build.0 = Release|Any CPU
		{235BC437-5769-45DE-B963-150B47AA0725}.Debug|x64.ActiveCfg = Debug|Any CPU
		{235BC437-5769-45DE-B963-150B47AA0725}.Debug|x64.Build.0 = Debug|Any CPU
		{235BC437-5769-45DE-B963-150B47AA0725}.Debug|Any CPU.ActiveCfg = Debug|Any CPU
		{235BC437-5769-45DE-B963-150B47AA0725}.Debug|Any CPU.Build.0 = Debug|Any CPU
		{235BC437-5769-45DE-B963-150B47AA0725}.Debug|x86.ActiveCfg = Debug|Any CPU
		{235BC437-5769-45DE-B963-150B47AA0725}.Debug|x86.Build.0 = Debug|Any CPU
		{235BC437-5769-45DE-B963-150B47AA0725}.Release|x64.ActiveCfg = Release|Any CPU
		{235BC437-5769-45DE-B963-150B47AA0725}.Release|x64.Build.0 = Release|Any CPU
		{235BC437-5769-45DE-B963-150B47AA0725}.Release|Any CPU.ActiveCfg = Release|Any CPU
		{235BC437-5769-45DE-B963-150B47AA0725}.Release|Any CPU.Build.0 = Release|Any CPU
		{235BC437-5769-45DE-B963-150B47AA0725}.Release|x86.ActiveCfg = Release|Any CPU
		{235BC437-5769-45DE-B963-150B47AA0725}.Release|x86.Build.0 = Release|Any CPU
		{50E9DFB4-6572-4CCC-8502-0A252B087960}.Debug|x64.ActiveCfg = Debug|Any CPU
		{50E9DFB4-6572-4CCC-8502-0A252B087960}.Debug|x64.Build.0 = Debug|Any CPU
		{50E9DFB4-6572-4CCC-8502-0A252B087960}.Debug|Any CPU.ActiveCfg = Debug|Any CPU
		{50E9DFB4-6572-4CCC-8502-0A252B087960}.Debug|Any CPU.Build.0 = Debug|Any CPU
		{50E9DFB4-6572-4CCC-8502-0A252B087960}.Debug|x86.ActiveCfg = Debug|Any CPU
		{50E9DFB4-6572-4CCC-8502-0A252B087960}.Debug|x86.Build.0 = Debug|Any CPU
		{50E9DFB4-6572-4CCC-8502-0A252B087960}.Release|x64.ActiveCfg = Release|Any CPU
		{50E9DFB4-6572-4CCC-8502-0A252B087960}.Release|x64.Build.0 = Release|Any CPU
		{50E9DFB4-6572-4CCC-8502-0A252B087960}.Release|Any CPU.ActiveCfg = Release|Any CPU
		{50E9DFB4-6572-4CCC-8502-0A252B087960}.Release|Any CPU.Build.0 = Release|Any CPU
		{50E9DFB4-6572-4CCC-8502-0A252B087960}.Release|x86.ActiveCfg = Release|Any CPU
		{50E9DFB4-6572-4CCC-8502-0A252B087960}.Release|x86.Build.0 = Release|Any CPU
		{A81F6648-F084-4A1D-A881-D5684F9D3F1E}.Debug|x64.ActiveCfg = Debug|Any CPU
		{A81F6648-F084-4A1D-A881-D5684F9D3F1E}.Debug|x64.Build.0 = Debug|Any CPU
		{A81F6648-F084-4A1D-A881-D5684F9D3F1E}.Debug|Any CPU.ActiveCfg = Debug|Any CPU
		{A81F6648-F084-4A1D-A881-D5684F9D3F1E}.Debug|Any CPU.Build.0 = Debug|Any CPU
		{A81F6648-F084-4A1D-A881-D5684F9D3F1E}.Debug|x86.ActiveCfg = Debug|Any CPU
		{A81F6648-F084-4A1D-A881-D5684F9D3F1E}.Debug|x86.Build.0 = Debug|Any CPU
		{A81F6648-F084-4A1D-A881-D5684F9D3F1E}.Release|x64.ActiveCfg = Release|Any CPU
		{A81F6648-F084-4A1D-A881-D5684F9D3F1E}.Release|x64.Build.0 = Release|Any CPU
		{A81F6648-F084-4A1D-A881-D5684F9D3F1E}.Release|Any CPU.ActiveCfg = Release|Any CPU
		{A81F6648-F084-4A1D-A881-D5684F9D3F1E}.Release|Any CPU.Build.0 = Release|Any CPU
		{A81F6648-F084-4A1D-A881-D5684F9D3F1E}.Release|x86.ActiveCfg = Release|Any CPU
		{A81F6648-F084-4A1D-A881-D5684F9D3F1E}.Release|x86.Build.0 = Release|Any CPU
		{C52907E3-B6EA-4C96-B4F3-DFF45333F0AC}.Debug|x64.ActiveCfg = Debug|Any CPU
		{C52907E3-B6EA-4C96-B4F3-DFF45333F0AC}.Debug|x64.Build.0 = Debug|Any CPU
		{C52907E3-B6EA-4C96-B4F3-DFF45333F0AC}.Debug|Any CPU.ActiveCfg = Debug|Any CPU
		{C52907E3-B6EA-4C96-B4F3-DFF45333F0AC}.Debug|Any CPU.Build.0 = Debug|Any CPU
		{C52907E3-B6EA-4C96-B4F3-DFF45333F0AC}.Debug|x86.ActiveCfg = Debug|Any CPU
		{C52907E3-B6EA-4C96-B4F3-DFF45333F0AC}.Debug|x86.Build.0 = Debug|Any CPU
		{C52907E3-B6EA-4C96-B4F3-DFF45333F0AC}.Release|x64.ActiveCfg = Release|Any CPU
		{C52907E3-B6EA-4C96-B4F3-DFF45333F0AC}.Release|x64.Build.0 = Release|Any CPU
		{C52907E3-B6EA-4C96-B4F3-DFF45333F0AC}.Release|Any CPU.ActiveCfg = Release|Any CPU
		{C52907E3-B6EA-4C96-B4F3-DFF45333F0AC}.Release|Any CPU.Build.0 = Release|Any CPU
		{C52907E3-B6EA-4C96-B4F3-DFF45333F0AC}.Release|x86.ActiveCfg = Release|Any CPU
		{C52907E3-B6EA-4C96-B4F3-DFF45333F0AC}.Release|x86.Build.0 = Release|Any CPU
		{2C9EADC8-C5B7-4241-812F-810B5945696E}.Debug|x64.ActiveCfg = Debug|Any CPU
		{2C9EADC8-C5B7-4241-812F-810B5945696E}.Debug|x64.Build.0 = Debug|Any CPU
		{2C9EADC8-C5B7-4241-812F-810B5945696E}.Debug|Any CPU.ActiveCfg = Debug|Any CPU
		{2C9EADC8-C5B7-4241-812F-810B5945696E}.Debug|Any CPU.Build.0 = Debug|Any CPU
		{2C9EADC8-C5B7-4241-812F-810B5945696E}.Debug|x86.ActiveCfg = Debug|Any CPU
		{2C9EADC8-C5B7-4241-812F-810B5945696E}.Debug|x86.Build.0 = Debug|Any CPU
		{2C9EADC8-C5B7-4241-812F-810B5945696E}.Release|x64.ActiveCfg = Release|Any CPU
		{2C9EADC8-C5B7-4241-812F-810B5945696E}.Release|x64.Build.0 = Release|Any CPU
		{2C9EADC8-C5B7-4241-812F-810B5945696E}.Release|Any CPU.ActiveCfg = Release|Any CPU
		{2C9EADC8-C5B7-4241-812F-810B5945696E}.Release|Any CPU.Build.0 = Release|Any CPU
		{2C9EADC8-C5B7-4241-812F-810B5945696E}.Release|x86.ActiveCfg = Release|Any CPU
		{2C9EADC8-C5B7-4241-812F-810B5945696E}.Release|x86.Build.0 = Release|Any CPU
		{3B7690AF-C157-4A88-81F0-E85E86F50E04}.Debug|x64.ActiveCfg = Debug|Any CPU
		{3B7690AF-C157-4A88-81F0-E85E86F50E04}.Debug|x64.Build.0 = Debug|Any CPU
		{3B7690AF-C157-4A88-81F0-E85E86F50E04}.Debug|Any CPU.ActiveCfg = Debug|Any CPU
		{3B7690AF-C157-4A88-81F0-E85E86F50E04}.Debug|Any CPU.Build.0 = Debug|Any CPU
		{3B7690AF-C157-4A88-81F0-E85E86F50E04}.Debug|x86.ActiveCfg = Debug|Any CPU
		{3B7690AF-C157-4A88-81F0-E85E86F50E04}.Debug|x86.Build.0 = Debug|Any CPU
		{3B7690AF-C157-4A88-81F0-E85E86F50E04}.Release|x64.ActiveCfg = Release|Any CPU
		{3B7690AF-C157-4A88-81F0-E85E86F50E04}.Release|x64.Build.0 = Release|Any CPU
		{3B7690AF-C157-4A88-81F0-E85E86F50E04}.Release|Any CPU.ActiveCfg = Release|Any CPU
		{3B7690AF-C157-4A88-81F0-E85E86F50E04}.Release|Any CPU.Build.0 = Release|Any CPU
		{3B7690AF-C157-4A88-81F0-E85E86F50E04}.Release|x86.ActiveCfg = Release|Any CPU
		{3B7690AF-C157-4A88-81F0-E85E86F50E04}.Release|x86.Build.0 = Release|Any CPU
		{6FD5BF9C-B7E7-45A3-AC49-369ED5F72278}.Debug|x64.ActiveCfg = Debug|Any CPU
		{6FD5BF9C-B7E7-45A3-AC49-369ED5F72278}.Debug|x64.Build.0 = Debug|Any CPU
		{6FD5BF9C-B7E7-45A3-AC49-369ED5F72278}.Debug|Any CPU.ActiveCfg = Debug|Any CPU
		{6FD5BF9C-B7E7-45A3-AC49-369ED5F72278}.Debug|Any CPU.Build.0 = Debug|Any CPU
		{6FD5BF9C-B7E7-45A3-AC49-369ED5F72278}.Debug|x86.ActiveCfg = Debug|Any CPU
		{6FD5BF9C-B7E7-45A3-AC49-369ED5F72278}.Debug|x86.Build.0 = Debug|Any CPU
		{6FD5BF9C-B7E7-45A3-AC49-369ED5F72278}.Release|x64.ActiveCfg = Release|Any CPU
		{6FD5BF9C-B7E7-45A3-AC49-369ED5F72278}.Release|x64.Build.0 = Release|Any CPU
		{6FD5BF9C-B7E7-45A3-AC49-369ED5F72278}.Release|Any CPU.ActiveCfg = Release|Any CPU
		{6FD5BF9C-B7E7-45A3-AC49-369ED5F72278}.Release|Any CPU.Build.0 = Release|Any CPU
		{6FD5BF9C-B7E7-45A3-AC49-369ED5F72278}.Release|x86.ActiveCfg = Release|Any CPU
		{6FD5BF9C-B7E7-45A3-AC49-369ED5F72278}.Release|x86.Build.0 = Release|Any CPU
		{6CD4DB48-E31B-4381-8469-01FE28B8D668}.Debug|x64.ActiveCfg = Debug|Any CPU
		{6CD4DB48-E31B-4381-8469-01FE28B8D668}.Debug|x64.Build.0 = Debug|Any CPU
		{6CD4DB48-E31B-4381-8469-01FE28B8D668}.Debug|Any CPU.ActiveCfg = Debug|Any CPU
		{6CD4DB48-E31B-4381-8469-01FE28B8D668}.Debug|Any CPU.Build.0 = Debug|Any CPU
		{6CD4DB48-E31B-4381-8469-01FE28B8D668}.Debug|x86.ActiveCfg = Debug|Any CPU
		{6CD4DB48-E31B-4381-8469-01FE28B8D668}.Debug|x86.Build.0 = Debug|Any CPU
		{6CD4DB48-E31B-4381-8469-01FE28B8D668}.Release|x64.ActiveCfg = Release|Any CPU
		{6CD4DB48-E31B-4381-8469-01FE28B8D668}.Release|x64.Build.0 = Release|Any CPU
		{6CD4DB48-E31B-4381-8469-01FE28B8D668}.Release|Any CPU.ActiveCfg = Release|Any CPU
		{6CD4DB48-E31B-4381-8469-01FE28B8D668}.Release|Any CPU.Build.0 = Release|Any CPU
		{6CD4DB48-E31B-4381-8469-01FE28B8D668}.Release|x86.ActiveCfg = Release|Any CPU
		{6CD4DB48-E31B-4381-8469-01FE28B8D668}.Release|x86.Build.0 = Release|Any CPU
		{6B92BA8D-3CEB-4A29-895E-55769B0EAD4C}.Debug|x64.ActiveCfg = Debug|Any CPU
		{6B92BA8D-3CEB-4A29-895E-55769B0EAD4C}.Debug|x64.Build.0 = Debug|Any CPU
		{6B92BA8D-3CEB-4A29-895E-55769B0EAD4C}.Debug|Any CPU.ActiveCfg = Debug|Any CPU
		{6B92BA8D-3CEB-4A29-895E-55769B0EAD4C}.Debug|Any CPU.Build.0 = Debug|Any CPU
		{6B92BA8D-3CEB-4A29-895E-55769B0EAD4C}.Debug|x86.ActiveCfg = Debug|Any CPU
		{6B92BA8D-3CEB-4A29-895E-55769B0EAD4C}.Debug|x86.Build.0 = Debug|Any CPU
		{6B92BA8D-3CEB-4A29-895E-55769B0EAD4C}.Release|x64.ActiveCfg = Release|Any CPU
		{6B92BA8D-3CEB-4A29-895E-55769B0EAD4C}.Release|x64.Build.0 = Release|Any CPU
		{6B92BA8D-3CEB-4A29-895E-55769B0EAD4C}.Release|Any CPU.ActiveCfg = Release|Any CPU
		{6B92BA8D-3CEB-4A29-895E-55769B0EAD4C}.Release|Any CPU.Build.0 = Release|Any CPU
		{6B92BA8D-3CEB-4A29-895E-55769B0EAD4C}.Release|x86.ActiveCfg = Release|Any CPU
		{6B92BA8D-3CEB-4A29-895E-55769B0EAD4C}.Release|x86.Build.0 = Release|Any CPU
		{D1C673D1-0D0D-4E95-8E20-214E361B4A57}.Debug|x64.ActiveCfg = Debug|Any CPU
		{D1C673D1-0D0D-4E95-8E20-214E361B4A57}.Debug|x64.Build.0 = Debug|Any CPU
		{D1C673D1-0D0D-4E95-8E20-214E361B4A57}.Debug|Any CPU.ActiveCfg = Debug|Any CPU
		{D1C673D1-0D0D-4E95-8E20-214E361B4A57}.Debug|Any CPU.Build.0 = Debug|Any CPU
		{D1C673D1-0D0D-4E95-8E20-214E361B4A57}.Debug|x86.ActiveCfg = Debug|Any CPU
		{D1C673D1-0D0D-4E95-8E20-214E361B4A57}.Debug|x86.Build.0 = Debug|Any CPU
		{D1C673D1-0D0D-4E95-8E20-214E361B4A57}.Release|x64.ActiveCfg = Release|Any CPU
		{D1C673D1-0D0D-4E95-8E20-214E361B4A57}.Release|x64.Build.0 = Release|Any CPU
		{D1C673D1-0D0D-4E95-8E20-214E361B4A57}.Release|Any CPU.ActiveCfg = Release|Any CPU
		{D1C673D1-0D0D-4E95-8E20-214E361B4A57}.Release|Any CPU.Build.0 = Release|Any CPU
		{D1C673D1-0D0D-4E95-8E20-214E361B4A57}.Release|x86.ActiveCfg = Release|Any CPU
		{D1C673D1-0D0D-4E95-8E20-214E361B4A57}.Release|x86.Build.0 = Release|Any CPU
		{50469D90-BB49-4668-91CD-A05E97F8BFE1}.Debug|x64.ActiveCfg = Debug|Any CPU
		{50469D90-BB49-4668-91CD-A05E97F8BFE1}.Debug|x64.Build.0 = Debug|Any CPU
		{50469D90-BB49-4668-91CD-A05E97F8BFE1}.Debug|Any CPU.ActiveCfg = Debug|Any CPU
		{50469D90-BB49-4668-91CD-A05E97F8BFE1}.Debug|Any CPU.Build.0 = Debug|Any CPU
		{50469D90-BB49-4668-91CD-A05E97F8BFE1}.Debug|x86.ActiveCfg = Debug|Any CPU
		{50469D90-BB49-4668-91CD-A05E97F8BFE1}.Debug|x86.Build.0 = Debug|Any CPU
		{50469D90-BB49-4668-91CD-A05E97F8BFE1}.Release|x64.ActiveCfg = Release|Any CPU
		{50469D90-BB49-4668-91CD-A05E97F8BFE1}.Release|x64.Build.0 = Release|Any CPU
		{50469D90-BB49-4668-91CD-A05E97F8BFE1}.Release|Any CPU.ActiveCfg = Release|Any CPU
		{50469D90-BB49-4668-91CD-A05E97F8BFE1}.Release|Any CPU.Build.0 = Release|Any CPU
		{50469D90-BB49-4668-91CD-A05E97F8BFE1}.Release|x86.ActiveCfg = Release|Any CPU
		{50469D90-BB49-4668-91CD-A05E97F8BFE1}.Release|x86.Build.0 = Release|Any CPU
		{69792772-33F6-41A7-837F-B1A0E7480608}.Debug|x64.ActiveCfg = Debug|Any CPU
		{69792772-33F6-41A7-837F-B1A0E7480608}.Debug|x64.Build.0 = Debug|Any CPU
		{69792772-33F6-41A7-837F-B1A0E7480608}.Debug|Any CPU.ActiveCfg = Debug|Any CPU
		{69792772-33F6-41A7-837F-B1A0E7480608}.Debug|Any CPU.Build.0 = Debug|Any CPU
		{69792772-33F6-41A7-837F-B1A0E7480608}.Debug|x86.ActiveCfg = Debug|Any CPU
		{69792772-33F6-41A7-837F-B1A0E7480608}.Debug|x86.Build.0 = Debug|Any CPU
		{69792772-33F6-41A7-837F-B1A0E7480608}.Release|x64.ActiveCfg = Release|Any CPU
		{69792772-33F6-41A7-837F-B1A0E7480608}.Release|x64.Build.0 = Release|Any CPU
		{69792772-33F6-41A7-837F-B1A0E7480608}.Release|Any CPU.ActiveCfg = Release|Any CPU
		{69792772-33F6-41A7-837F-B1A0E7480608}.Release|Any CPU.Build.0 = Release|Any CPU
		{69792772-33F6-41A7-837F-B1A0E7480608}.Release|x86.ActiveCfg = Release|Any CPU
		{69792772-33F6-41A7-837F-B1A0E7480608}.Release|x86.Build.0 = Release|Any CPU
		{7FFA607A-121A-4769-9DF3-2E9CA60C738E}.Debug|x64.ActiveCfg = Debug|Any CPU
		{7FFA607A-121A-4769-9DF3-2E9CA60C738E}.Debug|x64.Build.0 = Debug|Any CPU
		{7FFA607A-121A-4769-9DF3-2E9CA60C738E}.Debug|Any CPU.ActiveCfg = Debug|Any CPU
		{7FFA607A-121A-4769-9DF3-2E9CA60C738E}.Debug|Any CPU.Build.0 = Debug|Any CPU
		{7FFA607A-121A-4769-9DF3-2E9CA60C738E}.Debug|x86.ActiveCfg = Debug|Any CPU
		{7FFA607A-121A-4769-9DF3-2E9CA60C738E}.Debug|x86.Build.0 = Debug|Any CPU
		{7FFA607A-121A-4769-9DF3-2E9CA60C738E}.Release|x64.ActiveCfg = Release|Any CPU
		{7FFA607A-121A-4769-9DF3-2E9CA60C738E}.Release|x64.Build.0 = Release|Any CPU
		{7FFA607A-121A-4769-9DF3-2E9CA60C738E}.Release|Any CPU.ActiveCfg = Release|Any CPU
		{7FFA607A-121A-4769-9DF3-2E9CA60C738E}.Release|Any CPU.Build.0 = Release|Any CPU
		{7FFA607A-121A-4769-9DF3-2E9CA60C738E}.Release|x86.ActiveCfg = Release|Any CPU
		{7FFA607A-121A-4769-9DF3-2E9CA60C738E}.Release|x86.Build.0 = Release|Any CPU
		{FDDA9C3F-FF1F-4859-8B12-450C481812BA}.Debug|x64.ActiveCfg = Debug|Any CPU
		{FDDA9C3F-FF1F-4859-8B12-450C481812BA}.Debug|x64.Build.0 = Debug|Any CPU
		{FDDA9C3F-FF1F-4859-8B12-450C481812BA}.Debug|Any CPU.ActiveCfg = Debug|Any CPU
		{FDDA9C3F-FF1F-4859-8B12-450C481812BA}.Debug|Any CPU.Build.0 = Debug|Any CPU
		{FDDA9C3F-FF1F-4859-8B12-450C481812BA}.Debug|x86.ActiveCfg = Debug|Any CPU
		{FDDA9C3F-FF1F-4859-8B12-450C481812BA}.Debug|x86.Build.0 = Debug|Any CPU
		{FDDA9C3F-FF1F-4859-8B12-450C481812BA}.Release|x64.ActiveCfg = Release|Any CPU
		{FDDA9C3F-FF1F-4859-8B12-450C481812BA}.Release|x64.Build.0 = Release|Any CPU
		{FDDA9C3F-FF1F-4859-8B12-450C481812BA}.Release|Any CPU.ActiveCfg = Release|Any CPU
		{FDDA9C3F-FF1F-4859-8B12-450C481812BA}.Release|Any CPU.Build.0 = Release|Any CPU
		{FDDA9C3F-FF1F-4859-8B12-450C481812BA}.Release|x86.ActiveCfg = Release|Any CPU
		{FDDA9C3F-FF1F-4859-8B12-450C481812BA}.Release|x86.Build.0 = Release|Any CPU
		{7CB4AF39-B865-476D-AA29-84434E935F73}.Debug|x64.ActiveCfg = Debug|Any CPU
		{7CB4AF39-B865-476D-AA29-84434E935F73}.Debug|x64.Build.0 = Debug|Any CPU
		{7CB4AF39-B865-476D-AA29-84434E935F73}.Debug|Any CPU.ActiveCfg = Debug|Any CPU
		{7CB4AF39-B865-476D-AA29-84434E935F73}.Debug|Any CPU.Build.0 = Debug|Any CPU
		{7CB4AF39-B865-476D-AA29-84434E935F73}.Debug|x86.ActiveCfg = Debug|Any CPU
		{7CB4AF39-B865-476D-AA29-84434E935F73}.Debug|x86.Build.0 = Debug|Any CPU
		{7CB4AF39-B865-476D-AA29-84434E935F73}.Release|x64.ActiveCfg = Release|Any CPU
		{7CB4AF39-B865-476D-AA29-84434E935F73}.Release|x64.Build.0 = Release|Any CPU
		{7CB4AF39-B865-476D-AA29-84434E935F73}.Release|Any CPU.ActiveCfg = Release|Any CPU
		{7CB4AF39-B865-476D-AA29-84434E935F73}.Release|Any CPU.Build.0 = Release|Any CPU
		{7CB4AF39-B865-476D-AA29-84434E935F73}.Release|x86.ActiveCfg = Release|Any CPU
		{7CB4AF39-B865-476D-AA29-84434E935F73}.Release|x86.Build.0 = Release|Any CPU
		{F20FDC5B-1A60-413A-A268-035806F3EEA6}.Debug|x64.ActiveCfg = Debug|Any CPU
		{F20FDC5B-1A60-413A-A268-035806F3EEA6}.Debug|x64.Build.0 = Debug|Any CPU
		{F20FDC5B-1A60-413A-A268-035806F3EEA6}.Debug|Any CPU.ActiveCfg = Debug|Any CPU
		{F20FDC5B-1A60-413A-A268-035806F3EEA6}.Debug|Any CPU.Build.0 = Debug|Any CPU
		{F20FDC5B-1A60-413A-A268-035806F3EEA6}.Debug|x86.ActiveCfg = Debug|Any CPU
		{F20FDC5B-1A60-413A-A268-035806F3EEA6}.Debug|x86.Build.0 = Debug|Any CPU
		{F20FDC5B-1A60-413A-A268-035806F3EEA6}.Release|x64.ActiveCfg = Release|Any CPU
		{F20FDC5B-1A60-413A-A268-035806F3EEA6}.Release|x64.Build.0 = Release|Any CPU
		{F20FDC5B-1A60-413A-A268-035806F3EEA6}.Release|Any CPU.ActiveCfg = Release|Any CPU
		{F20FDC5B-1A60-413A-A268-035806F3EEA6}.Release|Any CPU.Build.0 = Release|Any CPU
		{F20FDC5B-1A60-413A-A268-035806F3EEA6}.Release|x86.ActiveCfg = Release|Any CPU
		{F20FDC5B-1A60-413A-A268-035806F3EEA6}.Release|x86.Build.0 = Release|Any CPU
	EndGlobalSection
	GlobalSection(SolutionProperties) = preSolution
		HideSolutionNode = FALSE
	EndGlobalSection
	GlobalSection(NestedProjects) = preSolution
		{FDDA9C3F-FF1F-4859-8B12-450C481812BA} = {827E0CD3-B72D-47B6-A68D-7590B98EB39B}
		{9D954F24-B3F1-FF05-00E7-71549D8DD0D6} = {FF13A09E-0E72-1904-124B-A4E979EF28D3}
		{43053DFA-820D-9761-1312-3A80C6DA658E} = {9D954F24-B3F1-FF05-00E7-71549D8DD0D6}
		{7CB4AF39-B865-476D-AA29-84434E935F73} = {43053DFA-820D-9761-1312-3A80C6DA658E}
		{F20FDC5B-1A60-413A-A268-035806F3EEA6} = {0AB3BF05-4346-4AA6-1389-037BE0695223}
	EndGlobalSection
EndGlobal
