
Microsoft Visual Studio Solution File, Format Version 12.00
# Visual Studio Version 17
VisualStudioVersion = 17.13.35825.156
MinimumVisualStudioVersion = 10.0.40219.1
Project("{FAE04EC0-301F-11D3-BF4B-00C04F79EFBC}") = "DotCraft.App", "src\DotCraft.App\DotCraft.App.csproj", "{8E5A7C6B-0E9D-4F73-8C52-1E6C77B5349A}"
EndProject
Project("{FAE04EC0-301F-11D3-BF4B-00C04F79EFBC}") = "DotCraft.Core", "src\DotCraft.Core\DotCraft.Core.csproj", "{A1B2C3D4-E5F6-7890-ABCD-EF1234567890}"
EndProject
Project("{FAE04EC0-301F-11D3-BF4B-00C04F79EFBC}") = "DotCraft.OpenSandbox", "src\DotCraft.OpenSandbox\DotCraft.OpenSandbox.csproj", "{3F1C2D4E-5A6B-47C8-9D01-23456789ABCD}"
EndProject
Project("{FAE04EC0-301F-11D3-BF4B-00C04F79EFBC}") = "DotCraft.ContextExport", "src\DotCraft.ContextExport\DotCraft.ContextExport.csproj", "{08CE662B-AAB8-4C62-90D6-A13380AE5AD2}"
EndProject
Project("{FAE04EC0-301F-11D3-BF4B-00C04F79EFBC}") = "DotCraft.Generators", "src\DotCraft.Generators\DotCraft.Generators.csproj", "{B2C3D4E5-6789-4B9A-CDEF-012345678901}"
EndProject
Project("{FAE04EC0-301F-11D3-BF4B-00C04F79EFBC}") = "DotCraft.Core.Tests", "tests\DotCraft.Core.Tests\DotCraft.Core.Tests.csproj", "{78456EB1-623C-4644-971B-341DE3478752}"
EndProject
Project("{FAE04EC0-301F-11D3-BF4B-00C04F79EFBC}") = "DotCraft.OpenSandbox.Tests", "tests\DotCraft.OpenSandbox.Tests\DotCraft.OpenSandbox.Tests.csproj", "{4A2D3E5F-6B7C-48D9-A012-3456789ABCDE}"
EndProject
Project("{FAE04EC0-301F-11D3-BF4B-00C04F79EFBC}") = "DotCraft.ContextExport.Tests", "tests\DotCraft.ContextExport.Tests\DotCraft.ContextExport.Tests.csproj", "{B5322D2E-D6DE-4A02-8DBB-51EBDA762317}"
EndProject
Project("{FAE04EC0-301F-11D3-BF4B-00C04F79EFBC}") = "DotCraft.AppServerTestClient", "tests\DotCraft.AppServerTestClient\DotCraft.AppServerTestClient.csproj", "{235BC437-5769-45DE-B963-150B47AA0725}"
EndProject
Project("{FAE04EC0-301F-11D3-BF4B-00C04F79EFBC}") = "DotCraft.Automations", "src\DotCraft.Automations\DotCraft.Automations.csproj", "{50E9DFB4-6572-4CCC-8502-0A252B087960}"
EndProject
Project("{FAE04EC0-301F-11D3-BF4B-00C04F79EFBC}") = "DotCraft.App.Tests", "tests\DotCraft.App.Tests\DotCraft.App.Tests.csproj", "{A81F6648-F084-4A1D-A881-D5684F9D3F1E}"
EndProject
Project("{FAE04EC0-301F-11D3-BF4B-00C04F79EFBC}") = "DotCraft.Teams", "src\DotCraft.Teams\DotCraft.Teams.csproj", "{C52907E3-B6EA-4C96-B4F3-DFF45333F0AC}"
EndProject
Project("{FAE04EC0-301F-11D3-BF4B-00C04F79EFBC}") = "DotCraft.DynamicWorkflows", "src\DotCraft.DynamicWorkflows\DotCraft.DynamicWorkflows.csproj", "{71F49F09-F278-47B2-BFED-FAE436619B21}"
EndProject
Project("{FAE04EC0-301F-11D3-BF4B-00C04F79EFBC}") = "DotCraft.DynamicWorkflows.Tests", "tests\DotCraft.DynamicWorkflows.Tests\DotCraft.DynamicWorkflows.Tests.csproj", "{BF62EC8A-1BE3-4D87-87BB-5E05381F660E}"
EndProject
Project("{FAE04EC0-301F-11D3-BF4B-00C04F79EFBC}") = "DotCraft.Protocol", "src\DotCraft.Protocol\DotCraft.Protocol.csproj", "{2C9EADC8-C5B7-4241-812F-810B5945696E}"
EndProject
Project("{FAE04EC0-301F-11D3-BF4B-00C04F79EFBC}") = "DotCraft.Protocol.Generators", "src\DotCraft.Protocol.Generators\DotCraft.Protocol.Generators.csproj", "{3B7690AF-C157-4A88-81F0-E85E86F50E04}"
EndProject
Project("{FAE04EC0-301F-11D3-BF4B-00C04F79EFBC}") = "DotCraft.Protocol.Tests", "tests\DotCraft.Protocol.Tests\DotCraft.Protocol.Tests.csproj", "{6FD5BF9C-B7E7-45A3-AC49-369ED5F72278}"
EndProject
Project("{FAE04EC0-301F-11D3-BF4B-00C04F79EFBC}") = "DotCraft.ProtocolGen", "tools\DotCraft.ProtocolGen\DotCraft.ProtocolGen.csproj", "{6CD4DB48-E31B-4381-8469-01FE28B8D668}"
EndProject
Project("{FAE04EC0-301F-11D3-BF4B-00C04F79EFBC}") = "DotCraft.ProtocolGen.Tests", "tests\DotCraft.ProtocolGen.Tests\DotCraft.ProtocolGen.Tests.csproj", "{6B92BA8D-3CEB-4A29-895E-55769B0EAD4C}"
EndProject
Project("{FAE04EC0-301F-11D3-BF4B-00C04F79EFBC}") = "DotCraft.Agents", "src\DotCraft.Agents\DotCraft.Agents.csproj", "{D1C673D1-0D0D-4E95-8E20-214E361B4A57}"
EndProject
Project("{FAE04EC0-301F-11D3-BF4B-00C04F79EFBC}") = "DotCraft.Agents.Tests", "tests\DotCraft.Agents.Tests\DotCraft.Agents.Tests.csproj", "{50469D90-BB49-4668-91CD-A05E97F8BFE1}"
EndProject
Project("{FAE04EC0-301F-11D3-BF4B-00C04F79EFBC}") = "DotCraft.Agents.OpenAI", "src\DotCraft.Agents.OpenAI\DotCraft.Agents.OpenAI.csproj", "{69792772-33F6-41A7-837F-B1A0E7480608}"
EndProject
Project("{FAE04EC0-301F-11D3-BF4B-00C04F79EFBC}") = "DotCraft.Agents.Anthropic", "src\DotCraft.Agents.Anthropic\DotCraft.Agents.Anthropic.csproj", "{7FFA607A-121A-4769-9DF3-2E9CA60C738E}"
EndProject
Project("{FAE04EC0-301F-11D3-BF4B-00C04F79EFBC}") = "DotCraft.Oratorio", "src\DotCraft.Oratorio\DotCraft.Oratorio.csproj", "{FDDA9C3F-FF1F-4859-8B12-450C481812BA}"
EndProject
Project("{FAE04EC0-301F-11D3-BF4B-00C04F79EFBC}") = "DotCraft.Sdk", "sdk\dotnet\src\DotCraft.Sdk\DotCraft.Sdk.csproj", "{7CB4AF39-B865-476D-AA29-84434E935F73}"
EndProject
Project("{FAE04EC0-301F-11D3-BF4B-00C04F79EFBC}") = "DotCraft.Oratorio.Tests", "tests\DotCraft.Oratorio.Tests\DotCraft.Oratorio.Tests.csproj", "{F20FDC5B-1A60-413A-A268-035806F3EEA6}"
EndProject
Project("{FAE04EC0-301F-11D3-BF4B-00C04F79EFBC}") = "DotCraft.Dashboard", "src\DotCraft.Dashboard\DotCraft.Dashboard.csproj", "{FF144851-3FDF-4BF3-B78D-D66F2511E952}"
EndProject
Project("{FAE04EC0-301F-11D3-BF4B-00C04F79EFBC}") = "DotCraft.Dashboard.Tests", "tests\DotCraft.Dashboard.Tests\DotCraft.Dashboard.Tests.csproj", "{491C57DA-45DF-43C2-AD48-B13644B41292}"
EndProject
Project("{FAE04EC0-301F-11D3-BF4B-00C04F79EFBC}") = "DotCraft.Session.TestSupport", "tests\DotCraft.Session.TestSupport\DotCraft.Session.TestSupport.csproj", "{F5847B2C-7EFF-4E89-84EF-A7043947404F}"
EndProject
Project("{FAE04EC0-301F-11D3-BF4B-00C04F79EFBC}") = "DotCraft.AppServer.Tests", "tests\DotCraft.AppServer.Tests\DotCraft.AppServer.Tests.csproj", "{37B7E756-F00E-488A-9DF9-F050C40FC398}"
EndProject
Project("{FAE04EC0-301F-11D3-BF4B-00C04F79EFBC}") = "DotCraft.Agents.OpenAI.Tests", "tests\DotCraft.Agents.OpenAI.Tests\DotCraft.Agents.OpenAI.Tests.csproj", "{29047486-99FB-4D75-A3DB-7EDF45AFE9C0}"
EndProject
Project("{FAE04EC0-301F-11D3-BF4B-00C04F79EFBC}") = "DotCraft.Agents.Anthropic.Tests", "tests\DotCraft.Agents.Anthropic.Tests\DotCraft.Agents.Anthropic.Tests.csproj", "{79E17778-9C57-4B1B-A65E-AF9F5C34047D}"
EndProject
Project("{FAE04EC0-301F-11D3-BF4B-00C04F79EFBC}") = "DotCraft.Teams.Tests", "tests\DotCraft.Teams.Tests\DotCraft.Teams.Tests.csproj", "{F1284C07-15DB-4009-839D-9C58B670CC2E}"
EndProject
Project("{FAE04EC0-301F-11D3-BF4B-00C04F79EFBC}") = "DotCraft.AppServer.TestSupport", "tests\DotCraft.AppServer.TestSupport\DotCraft.AppServer.TestSupport.csproj", "{62B7F011-23B7-4F5E-BEF0-2467D6759B85}"
EndProject
Project("{FAE04EC0-301F-11D3-BF4B-00C04F79EFBC}") = "DotCraft.AppServer", "src\DotCraft.AppServer\DotCraft.AppServer.csproj", "{EF86CCF6-9B9B-4216-A3A4-7C303D2000C0}"
EndProject
Project("{FAE04EC0-301F-11D3-BF4B-00C04F79EFBC}") = "DotCraft.Runtime", "src\DotCraft.Runtime\DotCraft.Runtime.csproj", "{36B0BC70-807E-473F-B9AC-E2274237352A}"
EndProject
Project("{FAE04EC0-301F-11D3-BF4B-00C04F79EFBC}") = "DotCraft.Harness", "src\DotCraft.Harness\DotCraft.Harness.csproj", "{C4B6F8A1-9D2E-4B70-AC35-7E1D5F9082C4}"
EndProject
Project("{FAE04EC0-301F-11D3-BF4B-00C04F79EFBC}") = "DotCraft.Runtime.Tests", "tests\DotCraft.Runtime.Tests\DotCraft.Runtime.Tests.csproj", "{80680E9A-495C-41C8-A440-23315A39A11B}"
EndProject
Project("{FAE04EC0-301F-11D3-BF4B-00C04F79EFBC}") = "DotCraft.Harness.Tests", "tests\DotCraft.Harness.Tests\DotCraft.Harness.Tests.csproj", "{D5C7A9B2-0E3F-4C81-BD46-8F2E6A0193D5}"
EndProject
Global
	GlobalSection(SolutionConfigurationPlatforms) = preSolution
		Debug|x64 = Debug|x64
		Debug|Any CPU = Debug|Any CPU
		Debug|x86 = Debug|x86
		Release|x64 = Release|x64
		Release|Any CPU = Release|Any CPU
		Release|x86 = Release|x86
	EndGlobalSection
	GlobalSection(ProjectConfigurationPlatforms) = postSolution
		{8E5A7C6B-0E9D-4F73-8C52-1E6C77B5349A}.Debug|x64.ActiveCfg = Debug|Any CPU
		{8E5A7C6B-0E9D-4F73-8C52-1E6C77B5349A}.Debug|x64.Build.0 = Debug|Any CPU
		{8E5A7C6B-0E9D-4F73-8C52-1E6C77B5349A}.Debug|Any CPU.ActiveCfg = Debug|Any CPU
		{8E5A7C6B-0E9D-4F73-8C52-1E6C77B5349A}.Debug|Any CPU.Build.0 = Debug|Any CPU
		{8E5A7C6B-0E9D-4F73-8C52-1E6C77B5349A}.Debug|x86.ActiveCfg = Debug|Any CPU
		{8E5A7C6B-0E9D-4F73-8C52-1E6C77B5349A}.Debug|x86.Build.0 = Debug|Any CPU
		{8E5A7C6B-0E9D-4F73-8C52-1E6C77B5349A}.Release|x64.ActiveCfg = Release|Any CPU
		{8E5A7C6B-0E9D-4F73-8C52-1E6C77B5349A}.Release|x64.Build.0 = Release|Any CPU
		{8E5A7C6B-0E9D-4F73-8C52-1E6C77B5349A}.Release|Any CPU.ActiveCfg = Release|Any CPU
		{8E5A7C6B-0E9D-4F73-8C52-1E6C77B5349A}.Release|Any CPU.Build.0 = Release|Any CPU
		{8E5A7C6B-0E9D-4F73-8C52-1E6C77B5349A}.Release|x86.ActiveCfg = Release|Any CPU
		{8E5A7C6B-0E9D-4F73-8C52-1E6C77B5349A}.Release|x86.Build.0 = Release|Any CPU
		{A1B2C3D4-E5F6-7890-ABCD-EF1234567890}.Debug|x64.ActiveCfg = Debug|Any CPU
		{A1B2C3D4-E5F6-7890-ABCD-EF1234567890}.Debug|x64.Build.0 = Debug|Any CPU
		{A1B2C3D4-E5F6-7890-ABCD-EF1234567890}.Debug|Any CPU.ActiveCfg = Debug|Any CPU
		{A1B2C3D4-E5F6-7890-ABCD-EF1234567890}.Debug|Any CPU.Build.0 = Debug|Any CPU
		{A1B2C3D4-E5F6-7890-ABCD-EF1234567890}.Debug|x86.ActiveCfg = Debug|Any CPU
		{A1B2C3D4-E5F6-7890-ABCD-EF1234567890}.Debug|x86.Build.0 = Debug|Any CPU
		{A1B2C3D4-E5F6-7890-ABCD-EF1234567890}.Release|x64.ActiveCfg = Release|Any CPU
		{A1B2C3D4-E5F6-7890-ABCD-EF1234567890}.Release|x64.Build.0 = Release|Any CPU
		{A1B2C3D4-E5F6-7890-ABCD-EF1234567890}.Release|Any CPU.ActiveCfg = Release|Any CPU
		{A1B2C3D4-E5F6-7890-ABCD-EF1234567890}.Release|Any CPU.Build.0 = Release|Any CPU
		{A1B2C3D4-E5F6-7890-ABCD-EF1234567890}.Release|x86.ActiveCfg = Release|Any CPU
		{A1B2C3D4-E5F6-7890-ABCD-EF1234567890}.Release|x86.Build.0 = Release|Any CPU
		{3F1C2D4E-5A6B-47C8-9D01-23456789ABCD}.Debug|x64.ActiveCfg = Debug|Any CPU
		{3F1C2D4E-5A6B-47C8-9D01-23456789ABCD}.Debug|x64.Build.0 = Debug|Any CPU
		{3F1C2D4E-5A6B-47C8-9D01-23456789ABCD}.Debug|Any CPU.ActiveCfg = Debug|Any CPU
		{3F1C2D4E-5A6B-47C8-9D01-23456789ABCD}.Debug|Any CPU.Build.0 = Debug|Any CPU
		{3F1C2D4E-5A6B-47C8-9D01-23456789ABCD}.Debug|x86.ActiveCfg = Debug|Any CPU
		{3F1C2D4E-5A6B-47C8-9D01-23456789ABCD}.Debug|x86.Build.0 = Debug|Any CPU
		{3F1C2D4E-5A6B-47C8-9D01-23456789ABCD}.Release|x64.ActiveCfg = Release|Any CPU
		{3F1C2D4E-5A6B-47C8-9D01-23456789ABCD}.Release|x64.Build.0 = Release|Any CPU
		{3F1C2D4E-5A6B-47C8-9D01-23456789ABCD}.Release|Any CPU.ActiveCfg = Release|Any CPU
		{3F1C2D4E-5A6B-47C8-9D01-23456789ABCD}.Release|Any CPU.Build.0 = Release|Any CPU
		{3F1C2D4E-5A6B-47C8-9D01-23456789ABCD}.Release|x86.ActiveCfg = Release|Any CPU
		{3F1C2D4E-5A6B-47C8-9D01-23456789ABCD}.Release|x86.Build.0 = Release|Any CPU
		{08CE662B-AAB8-4C62-90D6-A13380AE5AD2}.Debug|x64.ActiveCfg = Debug|Any CPU
		{08CE662B-AAB8-4C62-90D6-A13380AE5AD2}.Debug|x64.Build.0 = Debug|Any CPU
		{08CE662B-AAB8-4C62-90D6-A13380AE5AD2}.Debug|Any CPU.ActiveCfg = Debug|Any CPU
		{08CE662B-AAB8-4C62-90D6-A13380AE5AD2}.Debug|Any CPU.Build.0 = Debug|Any CPU
		{08CE662B-AAB8-4C62-90D6-A13380AE5AD2}.Debug|x86.ActiveCfg = Debug|Any CPU
		{08CE662B-AAB8-4C62-90D6-A13380AE5AD2}.Debug|x86.Build.0 = Debug|Any CPU
		{08CE662B-AAB8-4C62-90D6-A13380AE5AD2}.Release|x64.ActiveCfg = Release|Any CPU
		{08CE662B-AAB8-4C62-90D6-A13380AE5AD2}.Release|x64.Build.0 = Release|Any CPU
		{08CE662B-AAB8-4C62-90D6-A13380AE5AD2}.Release|Any CPU.ActiveCfg = Release|Any CPU
		{08CE662B-AAB8-4C62-90D6-A13380AE5AD2}.Release|Any CPU.Build.0 = Release|Any CPU
		{08CE662B-AAB8-4C62-90D6-A13380AE5AD2}.Release|x86.ActiveCfg = Release|Any CPU
		{08CE662B-AAB8-4C62-90D6-A13380AE5AD2}.Release|x86.Build.0 = Release|Any CPU
		{B2C3D4E5-6789-4B9A-CDEF-012345678901}.Debug|x64.ActiveCfg = Debug|Any CPU
		{B2C3D4E5-6789-4B9A-CDEF-012345678901}.Debug|x64.Build.0 = Debug|Any CPU
		{B2C3D4E5-6789-4B9A-CDEF-012345678901}.Debug|Any CPU.ActiveCfg = Debug|Any CPU
		{B2C3D4E5-6789-4B9A-CDEF-012345678901}.Debug|Any CPU.Build.0 = Debug|Any CPU
		{B2C3D4E5-6789-4B9A-CDEF-012345678901}.Debug|x86.ActiveCfg = Debug|Any CPU
		{B2C3D4E5-6789-4B9A-CDEF-012345678901}.Debug|x86.Build.0 = Debug|Any CPU
		{B2C3D4E5-6789-4B9A-CDEF-012345678901}.Release|x64.ActiveCfg = Release|Any CPU
		{B2C3D4E5-6789-4B9A-CDEF-012345678901}.Release|x64.Build.0 = Release|Any CPU
		{B2C3D4E5-6789-4B9A-CDEF-012345678901}.Release|Any CPU.ActiveCfg = Release|Any CPU
		{B2C3D4E5-6789-4B9A-CDEF-012345678901}.Release|Any CPU.Build.0 = Release|Any CPU
		{B2C3D4E5-6789-4B9A-CDEF-012345678901}.Release|x86.ActiveCfg = Release|Any CPU
		{B2C3D4E5-6789-4B9A-CDEF-012345678901}.Release|x86.Build.0 = Release|Any CPU
		{78456EB1-623C-4644-971B-341DE3478752}.Debug|x64.ActiveCfg = Debug|Any CPU
		{78456EB1-623C-4644-971B-341DE3478752}.Debug|x64.Build.0 = Debug|Any CPU
		{78456EB1-623C-4644-971B-341DE3478752}.Debug|Any CPU.ActiveCfg = Debug|Any CPU
		{78456EB1-623C-4644-971B-341DE3478752}.Debug|Any CPU.Build.0 = Debug|Any CPU
		{78456EB1-623C-4644-971B-341DE3478752}.Debug|x86.ActiveCfg = Debug|Any CPU
		{78456EB1-623C-4644-971B-341DE3478752}.Debug|x86.Build.0 = Debug|Any CPU
		{78456EB1-623C-4644-971B-341DE3478752}.Release|x64.ActiveCfg = Release|Any CPU
		{78456EB1-623C-4644-971B-341DE3478752}.Release|x64.Build.0 = Release|Any CPU
		{78456EB1-623C-4644-971B-341DE3478752}.Release|Any CPU.ActiveCfg = Release|Any CPU
		{78456EB1-623C-4644-971B-341DE3478752}.Release|Any CPU.Build.0 = Release|Any CPU
		{78456EB1-623C-4644-971B-341DE3478752}.Release|x86.ActiveCfg = Release|Any CPU
		{78456EB1-623C-4644-971B-341DE3478752}.Release|x86.Build.0 = Release|Any CPU
		{4A2D3E5F-6B7C-48D9-A012-3456789ABCDE}.Debug|x64.ActiveCfg = Debug|Any CPU
		{4A2D3E5F-6B7C-48D9-A012-3456789ABCDE}.Debug|x64.Build.0 = Debug|Any CPU
		{4A2D3E5F-6B7C-48D9-A012-3456789ABCDE}.Debug|Any CPU.ActiveCfg = Debug|Any CPU
		{4A2D3E5F-6B7C-48D9-A012-3456789ABCDE}.Debug|Any CPU.Build.0 = Debug|Any CPU
		{4A2D3E5F-6B7C-48D9-A012-3456789ABCDE}.Debug|x86.ActiveCfg = Debug|Any CPU
		{4A2D3E5F-6B7C-48D9-A012-3456789ABCDE}.Debug|x86.Build.0 = Debug|Any CPU
		{4A2D3E5F-6B7C-48D9-A012-3456789ABCDE}.Release|x64.ActiveCfg = Release|Any CPU
		{4A2D3E5F-6B7C-48D9-A012-3456789ABCDE}.Release|x64.Build.0 = Release|Any CPU
		{4A2D3E5F-6B7C-48D9-A012-3456789ABCDE}.Release|Any CPU.ActiveCfg = Release|Any CPU
		{4A2D3E5F-6B7C-48D9-A012-3456789ABCDE}.Release|Any CPU.Build.0 = Release|Any CPU
		{4A2D3E5F-6B7C-48D9-A012-3456789ABCDE}.Release|x86.ActiveCfg = Release|Any CPU
		{4A2D3E5F-6B7C-48D9-A012-3456789ABCDE}.Release|x86.Build.0 = Release|Any CPU
		{B5322D2E-D6DE-4A02-8DBB-51EBDA762317}.Debug|x64.ActiveCfg = Debug|Any CPU
		{B5322D2E-D6DE-4A02-8DBB-51EBDA762317}.Debug|x64.Build.0 = Debug|Any CPU
		{B5322D2E-D6DE-4A02-8DBB-51EBDA762317}.Debug|Any CPU.ActiveCfg = Debug|Any CPU
		{B5322D2E-D6DE-4A02-8DBB-51EBDA762317}.Debug|Any CPU.Build.0 = Debug|Any CPU
		{B5322D2E-D6DE-4A02-8DBB-51EBDA762317}.Debug|x86.ActiveCfg = Debug|Any CPU
		{B5322D2E-D6DE-4A02-8DBB-51EBDA762317}.Debug|x86.Build.0 = Debug|Any CPU
		{B5322D2E-D6DE-4A02-8DBB-51EBDA762317}.Release|x64.ActiveCfg = Release|Any CPU
		{B5322D2E-D6DE-4A02-8DBB-51EBDA762317}.Release|x64.Build.0 = Release|Any CPU
		{B5322D2E-D6DE-4A02-8DBB-51EBDA762317}.Release|Any CPU.ActiveCfg = Release|Any CPU
		{B5322D2E-D6DE-4A02-8DBB-51EBDA762317}.Release|Any CPU.Build.0 = Release|Any CPU
		{B5322D2E-D6DE-4A02-8DBB-51EBDA762317}.Release|x86.ActiveCfg = Release|Any CPU
		{B5322D2E-D6DE-4A02-8DBB-51EBDA762317}.Release|x86.Build.0 = Release|Any CPU
		{235BC437-5769-45DE-B963-150B47AA0725}.Debug|x64.ActiveCfg = Debug|Any CPU
		{235BC437-5769-45DE-B963-150B47AA0725}.Debug|x64.Build.0 = Debug|Any CPU
		{235BC437-5769-45DE-B963-150B47AA0725}.Debug|Any CPU.ActiveCfg = Debug|Any CPU
		{235BC437-5769-45DE-B963-150B47AA0725}.Debug|Any CPU.Build.0 = Debug|Any CPU
		{235BC437-5769-45DE-B963-150B47AA0725}.Debug|x86.ActiveCfg = Debug|Any CPU
		{235BC437-5769-45DE-B963-150B47AA0725}.Debug|x86.Build.0 = Debug|Any CPU
		{235BC437-5769-45DE-B963-150B47AA0725}.Release|x64.ActiveCfg = Release|Any CPU
		{235BC437-5769-45DE-B963-150B47AA0725}.Release|x64.Build.0 = Release|Any CPU
		{235BC437-5769-45DE-B963-150B47AA0725}.Release|Any CPU.ActiveCfg = Release|Any CPU
		{235BC437-5769-45DE-B963-150B47AA0725}.Release|Any CPU.Build.0 = Release|Any CPU
		{235BC437-5769-45DE-B963-150B47AA0725}.Release|x86.ActiveCfg = Release|Any CPU
		{235BC437-5769-45DE-B963-150B47AA0725}.Release|x86.Build.0 = Release|Any CPU
		{50E9DFB4-6572-4CCC-8502-0A252B087960}.Debug|x64.ActiveCfg = Debug|Any CPU
		{50E9DFB4-6572-4CCC-8502-0A252B087960}.Debug|x64.Build.0 = Debug|Any CPU
		{50E9DFB4-6572-4CCC-8502-0A252B087960}.Debug|Any CPU.ActiveCfg = Debug|Any CPU
		{50E9DFB4-6572-4CCC-8502-0A252B087960}.Debug|Any CPU.Build.0 = Debug|Any CPU
		{50E9DFB4-6572-4CCC-8502-0A252B087960}.Debug|x86.ActiveCfg = Debug|Any CPU
		{50E9DFB4-6572-4CCC-8502-0A252B087960}.Debug|x86.Build.0 = Debug|Any CPU
		{50E9DFB4-6572-4CCC-8502-0A252B087960}.Release|x64.ActiveCfg = Release|Any CPU
		{50E9DFB4-6572-4CCC-8502-0A252B087960}.Release|x64.Build.0 = Release|Any CPU
		{50E9DFB4-6572-4CCC-8502-0A252B087960}.Release|Any CPU.ActiveCfg = Release|Any CPU
		{50E9DFB4-6572-4CCC-8502-0A252B087960}.Release|Any CPU.Build.0 = Release|Any CPU
		{50E9DFB4-6572-4CCC-8502-0A252B087960}.Release|x86.ActiveCfg = Release|Any CPU
		{50E9DFB4-6572-4CCC-8502-0A252B087960}.Release|x86.Build.0 = Release|Any CPU
		{A81F6648-F084-4A1D-A881-D5684F9D3F1E}.Debug|x64.ActiveCfg = Debug|Any CPU
		{A81F6648-F084-4A1D-A881-D5684F9D3F1E}.Debug|x64.Build.0 = Debug|Any CPU
		{A81F6648-F084-4A1D-A881-D5684F9D3F1E}.Debug|Any CPU.ActiveCfg = Debug|Any CPU
		{A81F6648-F084-4A1D-A881-D5684F9D3F1E}.Debug|Any CPU.Build.0 = Debug|Any CPU
		{A81F6648-F084-4A1D-A881-D5684F9D3F1E}.Debug|x86.ActiveCfg = Debug|Any CPU
		{A81F6648-F084-4A1D-A881-D5684F9D3F1E}.Debug|x86.Build.0 = Debug|Any CPU
		{A81F6648-F084-4A1D-A881-D5684F9D3F1E}.Release|x64.ActiveCfg = Release|Any CPU
		{A81F6648-F084-4A1D-A881-D5684F9D3F1E}.Release|x64.Build.0 = Release|Any CPU
		{A81F6648-F084-4A1D-A881-D5684F9D3F1E}.Release|Any CPU.ActiveCfg = Release|Any CPU
		{A81F6648-F084-4A1D-A881-D5684F9D3F1E}.Release|Any CPU.Build.0 = Release|Any CPU
		{A81F6648-F084-4A1D-A881-D5684F9D3F1E}.Release|x86.ActiveCfg = Release|Any CPU
		{A81F6648-F084-4A1D-A881-D5684F9D3F1E}.Release|x86.Build.0 = Release|Any CPU
		{C52907E3-B6EA-4C96-B4F3-DFF45333F0AC}.Debug|x64.ActiveCfg = Debug|Any CPU
		{C52907E3-B6EA-4C96-B4F3-DFF45333F0AC}.Debug|x64.Build.0 = Debug|Any CPU
		{C52907E3-B6EA-4C96-B4F3-DFF45333F0AC}.Debug|Any CPU.ActiveCfg = Debug|Any CPU
		{C52907E3-B6EA-4C96-B4F3-DFF45333F0AC}.Debug|Any CPU.Build.0 = Debug|Any CPU
		{C52907E3-B6EA-4C96-B4F3-DFF45333F0AC}.Debug|x86.ActiveCfg = Debug|Any CPU
		{C52907E3-B6EA-4C96-B4F3-DFF45333F0AC}.Debug|x86.Build.0 = Debug|Any CPU
		{C52907E3-B6EA-4C96-B4F3-DFF45333F0AC}.Release|x64.ActiveCfg = Release|Any CPU
		{C52907E3-B6EA-4C96-B4F3-DFF45333F0AC}.Release|x64.Build.0 = Release|Any CPU
		{C52907E3-B6EA-4C96-B4F3-DFF45333F0AC}.Release|Any CPU.ActiveCfg = Release|Any CPU
		{C52907E3-B6EA-4C96-B4F3-DFF45333F0AC}.Release|Any CPU.Build.0 = Release|Any CPU
		{C52907E3-B6EA-4C96-B4F3-DFF45333F0AC}.Release|x86.ActiveCfg = Release|Any CPU
		{C52907E3-B6EA-4C96-B4F3-DFF45333F0AC}.Release|x86.Build.0 = Release|Any CPU
		{71F49F09-F278-47B2-BFED-FAE436619B21}.Debug|x64.ActiveCfg = Debug|Any CPU
		{71F49F09-F278-47B2-BFED-FAE436619B21}.Debug|x64.Build.0 = Debug|Any CPU
		{71F49F09-F278-47B2-BFED-FAE436619B21}.Debug|Any CPU.ActiveCfg = Debug|Any CPU
		{71F49F09-F278-47B2-BFED-FAE436619B21}.Debug|Any CPU.Build.0 = Debug|Any CPU
		{71F49F09-F278-47B2-BFED-FAE436619B21}.Debug|x86.ActiveCfg = Debug|Any CPU
		{71F49F09-F278-47B2-BFED-FAE436619B21}.Debug|x86.Build.0 = Debug|Any CPU
		{71F49F09-F278-47B2-BFED-FAE436619B21}.Release|x64.ActiveCfg = Release|Any CPU
		{71F49F09-F278-47B2-BFED-FAE436619B21}.Release|x64.Build.0 = Release|Any CPU
		{71F49F09-F278-47B2-BFED-FAE436619B21}.Release|Any CPU.ActiveCfg = Release|Any CPU
		{71F49F09-F278-47B2-BFED-FAE436619B21}.Release|Any CPU.Build.0 = Release|Any CPU
		{71F49F09-F278-47B2-BFED-FAE436619B21}.Release|x86.ActiveCfg = Release|Any CPU
		{71F49F09-F278-47B2-BFED-FAE436619B21}.Release|x86.Build.0 = Release|Any CPU
		{BF62EC8A-1BE3-4D87-87BB-5E05381F660E}.Debug|x64.ActiveCfg = Debug|Any CPU
		{BF62EC8A-1BE3-4D87-87BB-5E05381F660E}.Debug|x64.Build.0 = Debug|Any CPU
		{BF62EC8A-1BE3-4D87-87BB-5E05381F660E}.Debug|Any CPU.ActiveCfg = Debug|Any CPU
		{BF62EC8A-1BE3-4D87-87BB-5E05381F660E}.Debug|Any CPU.Build.0 = Debug|Any CPU
		{BF62EC8A-1BE3-4D87-87BB-5E05381F660E}.Debug|x86.ActiveCfg = Debug|Any CPU
		{BF62EC8A-1BE3-4D87-87BB-5E05381F660E}.Debug|x86.Build.0 = Debug|Any CPU
		{BF62EC8A-1BE3-4D87-87BB-5E05381F660E}.Release|x64.ActiveCfg = Release|Any CPU
		{BF62EC8A-1BE3-4D87-87BB-5E05381F660E}.Release|x64.Build.0 = Release|Any CPU
		{BF62EC8A-1BE3-4D87-87BB-5E05381F660E}.Release|Any CPU.ActiveCfg = Release|Any CPU
		{BF62EC8A-1BE3-4D87-87BB-5E05381F660E}.Release|Any CPU.Build.0 = Release|Any CPU
		{BF62EC8A-1BE3-4D87-87BB-5E05381F660E}.Release|x86.ActiveCfg = Release|Any CPU
		{BF62EC8A-1BE3-4D87-87BB-5E05381F660E}.Release|x86.Build.0 = Release|Any CPU
		{2C9EADC8-C5B7-4241-812F-810B5945696E}.Debug|x64.ActiveCfg = Debug|Any CPU
		{2C9EADC8-C5B7-4241-812F-810B5945696E}.Debug|x64.Build.0 = Debug|Any CPU
		{2C9EADC8-C5B7-4241-812F-810B5945696E}.Debug|Any CPU.ActiveCfg = Debug|Any CPU
		{2C9EADC8-C5B7-4241-812F-810B5945696E}.Debug|Any CPU.Build.0 = Debug|Any CPU
		{2C9EADC8-C5B7-4241-812F-810B5945696E}.Debug|x86.ActiveCfg = Debug|Any CPU
		{2C9EADC8-C5B7-4241-812F-810B5945696E}.Debug|x86.Build.0 = Debug|Any CPU
		{2C9EADC8-C5B7-4241-812F-810B5945696E}.Release|x64.ActiveCfg = Release|Any CPU
		{2C9EADC8-C5B7-4241-812F-810B5945696E}.Release|x64.Build.0 = Release|Any CPU
		{2C9EADC8-C5B7-4241-812F-810B5945696E}.Release|Any CPU.ActiveCfg = Release|Any CPU
		{2C9EADC8-C5B7-4241-812F-810B5945696E}.Release|Any CPU.Build.0 = Release|Any CPU
		{2C9EADC8-C5B7-4241-812F-810B5945696E}.Release|x86.ActiveCfg = Release|Any CPU
		{2C9EADC8-C5B7-4241-812F-810B5945696E}.Release|x86.Build.0 = Release|Any CPU
		{3B7690AF-C157-4A88-81F0-E85E86F50E04}.Debug|x64.ActiveCfg = Debug|Any CPU
		{3B7690AF-C157-4A88-81F0-E85E86F50E04}.Debug|x64.Build.0 = Debug|Any CPU
		{3B7690AF-C157-4A88-81F0-E85E86F50E04}.Debug|Any CPU.ActiveCfg = Debug|Any CPU
		{3B7690AF-C157-4A88-81F0-E85E86F50E04}.Debug|Any CPU.Build.0 = Debug|Any CPU
		{3B7690AF-C157-4A88-81F0-E85E86F50E04}.Debug|x86.ActiveCfg = Debug|Any CPU
		{3B7690AF-C157-4A88-81F0-E85E86F50E04}.Debug|x86.Build.0 = Debug|Any CPU
		{3B7690AF-C157-4A88-81F0-E85E86F50E04}.Release|x64.ActiveCfg = Release|Any CPU
		{3B7690AF-C157-4A88-81F0-E85E86F50E04}.Release|x64.Build.0 = Release|Any CPU
		{3B7690AF-C157-4A88-81F0-E85E86F50E04}.Release|Any CPU.ActiveCfg = Release|Any CPU
		{3B7690AF-C157-4A88-81F0-E85E86F50E04}.Release|Any CPU.Build.0 = Release|Any CPU
		{3B7690AF-C157-4A88-81F0-E85E86F50E04}.Release|x86.ActiveCfg = Release|Any CPU
		{3B7690AF-C157-4A88-81F0-E85E86F50E04}.Release|x86.Build.0 = Release|Any CPU
		{6FD5BF9C-B7E7-45A3-AC49-369ED5F72278}.Debug|x64.ActiveCfg = Debug|Any CPU
		{6FD5BF9C-B7E7-45A3-AC49-369ED5F72278}.Debug|x64.Build.0 = Debug|Any CPU
		{6FD5BF9C-B7E7-45A3-AC49-369ED5F72278}.Debug|Any CPU.ActiveCfg = Debug|Any CPU
		{6FD5BF9C-B7E7-45A3-AC49-369ED5F72278}.Debug|Any CPU.Build.0 = Debug|Any CPU
		{6FD5BF9C-B7E7-45A3-AC49-369ED5F72278}.Debug|x86.ActiveCfg = Debug|Any CPU
		{6FD5BF9C-B7E7-45A3-AC49-369ED5F72278}.Debug|x86.Build.0 = Debug|Any CPU
		{6FD5BF9C-B7E7-45A3-AC49-369ED5F72278}.Release|x64.ActiveCfg = Release|Any CPU
		{6FD5BF9C-B7E7-45A3-AC49-369ED5F72278}.Release|x64.Build.0 = Release|Any CPU
		{6FD5BF9C-B7E7-45A3-AC49-369ED5F72278}.Release|Any CPU.ActiveCfg = Release|Any CPU
		{6FD5BF9C-B7E7-45A3-AC49-369ED5F72278}.Release|Any CPU.Build.0 = Release|Any CPU
		{6FD5BF9C-B7E7-45A3-AC49-369ED5F72278}.Release|x86.ActiveCfg = Release|Any CPU
		{6FD5BF9C-B7E7-45A3-AC49-369ED5F72278}.Release|x86.Build.0 = Release|Any CPU
		{6CD4DB48-E31B-4381-8469-01FE28B8D668}.Debug|x64.ActiveCfg = Debug|Any CPU
		{6CD4DB48-E31B-4381-8469-01FE28B8D668}.Debug|x64.Build.0 = Debug|Any CPU
		{6CD4DB48-E31B-4381-8469-01FE28B8D668}.Debug|Any CPU.ActiveCfg = Debug|Any CPU
		{6CD4DB48-E31B-4381-8469-01FE28B8D668}.Debug|Any CPU.Build.0 = Debug|Any CPU
		{6CD4DB48-E31B-4381-8469-01FE28B8D668}.Debug|x86.ActiveCfg = Debug|Any CPU
		{6CD4DB48-E31B-4381-8469-01FE28B8D668}.Debug|x86.Build.0 = Debug|Any CPU
		{6CD4DB48-E31B-4381-8469-01FE28B8D668}.Release|x64.ActiveCfg = Release|Any CPU
		{6CD4DB48-E31B-4381-8469-01FE28B8D668}.Release|x64.Build.0 = Release|Any CPU
		{6CD4DB48-E31B-4381-8469-01FE28B8D668}.Release|Any CPU.ActiveCfg = Release|Any CPU
		{6CD4DB48-E31B-4381-8469-01FE28B8D668}.Release|Any CPU.Build.0 = Release|Any CPU
		{6CD4DB48-E31B-4381-8469-01FE28B8D668}.Release|x86.ActiveCfg = Release|Any CPU
		{6CD4DB48-E31B-4381-8469-01FE28B8D668}.Release|x86.Build.0 = Release|Any CPU
		{6B92BA8D-3CEB-4A29-895E-55769B0EAD4C}.Debug|x64.ActiveCfg = Debug|Any CPU
		{6B92BA8D-3CEB-4A29-895E-55769B0EAD4C}.Debug|x64.Build.0 = Debug|Any CPU
		{6B92BA8D-3CEB-4A29-895E-55769B0EAD4C}.Debug|Any CPU.ActiveCfg = Debug|Any CPU
		{6B92BA8D-3CEB-4A29-895E-55769B0EAD4C}.Debug|Any CPU.Build.0 = Debug|Any CPU
		{6B92BA8D-3CEB-4A29-895E-55769B0EAD4C}.Debug|x86.ActiveCfg = Debug|Any CPU
		{6B92BA8D-3CEB-4A29-895E-55769B0EAD4C}.Debug|x86.Build.0 = Debug|Any CPU
		{6B92BA8D-3CEB-4A29-895E-55769B0EAD4C}.Release|x64.ActiveCfg = Release|Any CPU
		{6B92BA8D-3CEB-4A29-895E-55769B0EAD4C}.Release|x64.Build.0 = Release|Any CPU
		{6B92BA8D-3CEB-4A29-895E-55769B0EAD4C}.Release|Any CPU.ActiveCfg = Release|Any CPU
		{6B92BA8D-3CEB-4A29-895E-55769B0EAD4C}.Release|Any CPU.Build.0 = Release|Any CPU
		{6B92BA8D-3CEB-4A29-895E-55769B0EAD4C}.Release|x86.ActiveCfg = Release|Any CPU
		{6B92BA8D-3CEB-4A29-895E-55769B0EAD4C}.Release|x86.Build.0 = Release|Any CPU
		{D1C673D1-0D0D-4E95-8E20-214E361B4A57}.Debug|x64.ActiveCfg = Debug|Any CPU
		{D1C673D1-0D0D-4E95-8E20-214E361B4A57}.Debug|x64.Build.0 = Debug|Any CPU
		{D1C673D1-0D0D-4E95-8E20-214E361B4A57}.Debug|Any CPU.ActiveCfg = Debug|Any CPU
		{D1C673D1-0D0D-4E95-8E20-214E361B4A57}.Debug|Any CPU.Build.0 = Debug|Any CPU
		{D1C673D1-0D0D-4E95-8E20-214E361B4A57}.Debug|x86.ActiveCfg = Debug|Any CPU
		{D1C673D1-0D0D-4E95-8E20-214E361B4A57}.Debug|x86.Build.0 = Debug|Any CPU
		{D1C673D1-0D0D-4E95-8E20-214E361B4A57}.Release|x64.ActiveCfg = Release|Any CPU
		{D1C673D1-0D0D-4E95-8E20-214E361B4A57}.Release|x64.Build.0 = Release|Any CPU
		{D1C673D1-0D0D-4E95-8E20-214E361B4A57}.Release|Any CPU.ActiveCfg = Release|Any CPU
		{D1C673D1-0D0D-4E95-8E20-214E361B4A57}.Release|Any CPU.Build.0 = Release|Any CPU
		{D1C673D1-0D0D-4E95-8E20-214E361B4A57}.Release|x86.ActiveCfg = Release|Any CPU
		{D1C673D1-0D0D-4E95-8E20-214E361B4A57}.Release|x86.Build.0 = Release|Any CPU
		{50469D90-BB49-4668-91CD-A05E97F8BFE1}.Debug|x64.ActiveCfg = Debug|Any CPU
		{50469D90-BB49-4668-91CD-A05E97F8BFE1}.Debug|x64.Build.0 = Debug|Any CPU
		{50469D90-BB49-4668-91CD-A05E97F8BFE1}.Debug|Any CPU.ActiveCfg = Debug|Any CPU
		{50469D90-BB49-4668-91CD-A05E97F8BFE1}.Debug|Any CPU.Build.0 = Debug|Any CPU
		{50469D90-BB49-4668-91CD-A05E97F8BFE1}.Debug|x86.ActiveCfg = Debug|Any CPU
		{50469D90-BB49-4668-91CD-A05E97F8BFE1}.Debug|x86.Build.0 = Debug|Any CPU
		{50469D90-BB49-4668-91CD-A05E97F8BFE1}.Release|x64.ActiveCfg = Release|Any CPU
		{50469D90-BB49-4668-91CD-A05E97F8BFE1}.Release|x64.Build.0 = Release|Any CPU
		{50469D90-BB49-4668-91CD-A05E97F8BFE1}.Release|Any CPU.ActiveCfg = Release|Any CPU
		{50469D90-BB49-4668-91CD-A05E97F8BFE1}.Release|Any CPU.Build.0 = Release|Any CPU
		{50469D90-BB49-4668-91CD-A05E97F8BFE1}.Release|x86.ActiveCfg = Release|Any CPU
		{50469D90-BB49-4668-91CD-A05E97F8BFE1}.Release|x86.Build.0 = Release|Any CPU
		{69792772-33F6-41A7-837F-B1A0E7480608}.Debug|x64.ActiveCfg = Debug|Any CPU
		{69792772-33F6-41A7-837F-B1A0E7480608}.Debug|x64.Build.0 = Debug|Any CPU
		{69792772-33F6-41A7-837F-B1A0E7480608}.Debug|Any CPU.ActiveCfg = Debug|Any CPU
		{69792772-33F6-41A7-837F-B1A0E7480608}.Debug|Any CPU.Build.0 = Debug|Any CPU
		{69792772-33F6-41A7-837F-B1A0E7480608}.Debug|x86.ActiveCfg = Debug|Any CPU
		{69792772-33F6-41A7-837F-B1A0E7480608}.Debug|x86.Build.0 = Debug|Any CPU
		{69792772-33F6-41A7-837F-B1A0E7480608}.Release|x64.ActiveCfg = Release|Any CPU
		{69792772-33F6-41A7-837F-B1A0E7480608}.Release|x64.Build.0 = Release|Any CPU
		{69792772-33F6-41A7-837F-B1A0E7480608}.Release|Any CPU.ActiveCfg = Release|Any CPU
		{69792772-33F6-41A7-837F-B1A0E7480608}.Release|Any CPU.Build.0 = Release|Any CPU
		{69792772-33F6-41A7-837F-B1A0E7480608}.Release|x86.ActiveCfg = Release|Any CPU
		{69792772-33F6-41A7-837F-B1A0E7480608}.Release|x86.Build.0 = Release|Any CPU
		{7FFA607A-121A-4769-9DF3-2E9CA60C738E}.Debug|x64.ActiveCfg = Debug|Any CPU
		{7FFA607A-121A-4769-9DF3-2E9CA60C738E}.Debug|x64.Build.0 = Debug|Any CPU
		{7FFA607A-121A-4769-9DF3-2E9CA60C738E}.Debug|Any CPU.ActiveCfg = Debug|Any CPU
		{7FFA607A-121A-4769-9DF3-2E9CA60C738E}.Debug|Any CPU.Build.0 = Debug|Any CPU
		{7FFA607A-121A-4769-9DF3-2E9CA60C738E}.Debug|x86.ActiveCfg = Debug|Any CPU
		{7FFA607A-121A-4769-9DF3-2E9CA60C738E}.Debug|x86.Build.0 = Debug|Any CPU
		{7FFA607A-121A-4769-9DF3-2E9CA60C738E}.Release|x64.ActiveCfg = Release|Any CPU
		{7FFA607A-121A-4769-9DF3-2E9CA60C738E}.Release|x64.Build.0 = Release|Any CPU
		{7FFA607A-121A-4769-9DF3-2E9CA60C738E}.Release|Any CPU.ActiveCfg = Release|Any CPU
		{7FFA607A-121A-4769-9DF3-2E9CA60C738E}.Release|Any CPU.Build.0 = Release|Any CPU
		{7FFA607A-121A-4769-9DF3-2E9CA60C738E}.Release|x86.ActiveCfg = Release|Any CPU
		{7FFA607A-121A-4769-9DF3-2E9CA60C738E}.Release|x86.Build.0 = Release|Any CPU
		{FDDA9C3F-FF1F-4859-8B12-450C481812BA}.Debug|x64.ActiveCfg = Debug|Any CPU
		{FDDA9C3F-FF1F-4859-8B12-450C481812BA}.Debug|x64.Build.0 = Debug|Any CPU
		{FDDA9C3F-FF1F-4859-8B12-450C481812BA}.Debug|Any CPU.ActiveCfg = Debug|Any CPU
		{FDDA9C3F-FF1F-4859-8B12-450C481812BA}.Debug|Any CPU.Build.0 = Debug|Any CPU
		{FDDA9C3F-FF1F-4859-8B12-450C481812BA}.Debug|x86.ActiveCfg = Debug|Any CPU
		{FDDA9C3F-FF1F-4859-8B12-450C481812BA}.Debug|x86.Build.0 = Debug|Any CPU
		{FDDA9C3F-FF1F-4859-8B12-450C481812BA}.Release|x64.ActiveCfg = Release|Any CPU
		{FDDA9C3F-FF1F-4859-8B12-450C481812BA}.Release|x64.Build.0 = Release|Any CPU
		{FDDA9C3F-FF1F-4859-8B12-450C481812BA}.Release|Any CPU.ActiveCfg = Release|Any CPU
		{FDDA9C3F-FF1F-4859-8B12-450C481812BA}.Release|Any CPU.Build.0 = Release|Any CPU
		{FDDA9C3F-FF1F-4859-8B12-450C481812BA}.Release|x86.ActiveCfg = Release|Any CPU
		{FDDA9C3F-FF1F-4859-8B12-450C481812BA}.Release|x86.Build.0 = Release|Any CPU
		{7CB4AF39-B865-476D-AA29-84434E935F73}.Debug|x64.ActiveCfg = Debug|Any CPU
		{7CB4AF39-B865-476D-AA29-84434E935F73}.Debug|x64.Build.0 = Debug|Any CPU
		{7CB4AF39-B865-476D-AA29-84434E935F73}.Debug|Any CPU.ActiveCfg = Debug|Any CPU
		{7CB4AF39-B865-476D-AA29-84434E935F73}.Debug|Any CPU.Build.0 = Debug|Any CPU
		{7CB4AF39-B865-476D-AA29-84434E935F73}.Debug|x86.ActiveCfg = Debug|Any CPU
		{7CB4AF39-B865-476D-AA29-84434E935F73}.Debug|x86.Build.0 = Debug|Any CPU
		{7CB4AF39-B865-476D-AA29-84434E935F73}.Release|x64.ActiveCfg = Release|Any CPU
		{7CB4AF39-B865-476D-AA29-84434E935F73}.Release|x64.Build.0 = Release|Any CPU
		{7CB4AF39-B865-476D-AA29-84434E935F73}.Release|Any CPU.ActiveCfg = Release|Any CPU
		{7CB4AF39-B865-476D-AA29-84434E935F73}.Release|Any CPU.Build.0 = Release|Any CPU
		{7CB4AF39-B865-476D-AA29-84434E935F73}.Release|x86.ActiveCfg = Release|Any CPU
		{7CB4AF39-B865-476D-AA29-84434E935F73}.Release|x86.Build.0 = Release|Any CPU
		{F20FDC5B-1A60-413A-A268-035806F3EEA6}.Debug|x64.ActiveCfg = Debug|Any CPU
		{F20FDC5B-1A60-413A-A268-035806F3EEA6}.Debug|x64.Build.0 = Debug|Any CPU
		{F20FDC5B-1A60-413A-A268-035806F3EEA6}.Debug|Any CPU.ActiveCfg = Debug|Any CPU
		{F20FDC5B-1A60-413A-A268-035806F3EEA6}.Debug|Any CPU.Build.0 = Debug|Any CPU
		{F20FDC5B-1A60-413A-A268-035806F3EEA6}.Debug|x86.ActiveCfg = Debug|Any CPU
		{F20FDC5B-1A60-413A-A268-035806F3EEA6}.Debug|x86.Build.0 = Debug|Any CPU
		{F20FDC5B-1A60-413A-A268-035806F3EEA6}.Release|x64.ActiveCfg = Release|Any CPU
		{F20FDC5B-1A60-413A-A268-035806F3EEA6}.Release|x64.Build.0 = Release|Any CPU
		{F20FDC5B-1A60-413A-A268-035806F3EEA6}.Release|Any CPU.ActiveCfg = Release|Any CPU
		{F20FDC5B-1A60-413A-A268-035806F3EEA6}.Release|Any CPU.Build.0 = Release|Any CPU
		{F20FDC5B-1A60-413A-A268-035806F3EEA6}.Release|x86.ActiveCfg = Release|Any CPU
		{F20FDC5B-1A60-413A-A268-035806F3EEA6}.Release|x86.Build.0 = Release|Any CPU
		{FF144851-3FDF-4BF3-B78D-D66F2511E952}.Debug|x64.ActiveCfg = Debug|Any CPU
		{FF144851-3FDF-4BF3-B78D-D66F2511E952}.Debug|x64.Build.0 = Debug|Any CPU
		{FF144851-3FDF-4BF3-B78D-D66F2511E952}.Debug|Any CPU.ActiveCfg = Debug|Any CPU
		{FF144851-3FDF-4BF3-B78D-D66F2511E952}.Debug|Any CPU.Build.0 = Debug|Any CPU
		{FF144851-3FDF-4BF3-B78D-D66F2511E952}.Debug|x86.ActiveCfg = Debug|Any CPU
		{FF144851-3FDF-4BF3-B78D-D66F2511E952}.Debug|x86.Build.0 = Debug|Any CPU
		{FF144851-3FDF-4BF3-B78D-D66F2511E952}.Release|x64.ActiveCfg = Release|Any CPU
		{FF144851-3FDF-4BF3-B78D-D66F2511E952}.Release|x64.Build.0 = Release|Any CPU
		{FF144851-3FDF-4BF3-B78D-D66F2511E952}.Release|Any CPU.ActiveCfg = Release|Any CPU
		{FF144851-3FDF-4BF3-B78D-D66F2511E952}.Release|Any CPU.Build.0 = Release|Any CPU
		{FF144851-3FDF-4BF3-B78D-D66F2511E952}.Release|x86.ActiveCfg = Release|Any CPU
		{FF144851-3FDF-4BF3-B78D-D66F2511E952}.Release|x86.Build.0 = Release|Any CPU
		{491C57DA-45DF-43C2-AD48-B13644B41292}.Debug|x64.ActiveCfg = Debug|Any CPU
		{491C57DA-45DF-43C2-AD48-B13644B41292}.Debug|x64.Build.0 = Debug|Any CPU
		{491C57DA-45DF-43C2-AD48-B13644B41292}.Debug|Any CPU.ActiveCfg = Debug|Any CPU
		{491C57DA-45DF-43C2-AD48-B13644B41292}.Debug|Any CPU.Build.0 = Debug|Any CPU
		{491C57DA-45DF-43C2-AD48-B13644B41292}.Debug|x86.ActiveCfg = Debug|Any CPU
		{491C57DA-45DF-43C2-AD48-B13644B41292}.Debug|x86.Build.0 = Debug|Any CPU
		{491C57DA-45DF-43C2-AD48-B13644B41292}.Release|x64.ActiveCfg = Release|Any CPU
		{491C57DA-45DF-43C2-AD48-B13644B41292}.Release|x64.Build.0 = Release|Any CPU
		{491C57DA-45DF-43C2-AD48-B13644B41292}.Release|Any CPU.ActiveCfg = Release|Any CPU
		{491C57DA-45DF-43C2-AD48-B13644B41292}.Release|Any CPU.Build.0 = Release|Any CPU
		{491C57DA-45DF-43C2-AD48-B13644B41292}.Release|x86.ActiveCfg = Release|Any CPU
		{491C57DA-45DF-43C2-AD48-B13644B41292}.Release|x86.Build.0 = Release|Any CPU
		{F5847B2C-7EFF-4E89-84EF-A7043947404F}.Debug|x64.ActiveCfg = Debug|Any CPU
		{F5847B2C-7EFF-4E89-84EF-A7043947404F}.Debug|x64.Build.0 = Debug|Any CPU
		{F5847B2C-7EFF-4E89-84EF-A7043947404F}.Debug|Any CPU.ActiveCfg = Debug|Any CPU
		{F5847B2C-7EFF-4E89-84EF-A7043947404F}.Debug|Any CPU.Build.0 = Debug|Any CPU
		{F5847B2C-7EFF-4E89-84EF-A7043947404F}.Debug|x86.ActiveCfg = Debug|Any CPU
		{F5847B2C-7EFF-4E89-84EF-A7043947404F}.Debug|x86.Build.0 = Debug|Any CPU
		{F5847B2C-7EFF-4E89-84EF-A7043947404F}.Release|x64.ActiveCfg = Release|Any CPU
		{F5847B2C-7EFF-4E89-84EF-A7043947404F}.Release|x64.Build.0 = Release|Any CPU
		{F5847B2C-7EFF-4E89-84EF-A7043947404F}.Release|Any CPU.ActiveCfg = Release|Any CPU
		{F5847B2C-7EFF-4E89-84EF-A7043947404F}.Release|Any CPU.Build.0 = Release|Any CPU
		{F5847B2C-7EFF-4E89-84EF-A7043947404F}.Release|x86.ActiveCfg = Release|Any CPU
		{F5847B2C-7EFF-4E89-84EF-A7043947404F}.Release|x86.Build.0 = Release|Any CPU
		{37B7E756-F00E-488A-9DF9-F050C40FC398}.Debug|x64.ActiveCfg = Debug|Any CPU
		{37B7E756-F00E-488A-9DF9-F050C40FC398}.Debug|x64.Build.0 = Debug|Any CPU
		{37B7E756-F00E-488A-9DF9-F050C40FC398}.Debug|Any CPU.ActiveCfg = Debug|Any CPU
		{37B7E756-F00E-488A-9DF9-F050C40FC398}.Debug|Any CPU.Build.0 = Debug|Any CPU
		{37B7E756-F00E-488A-9DF9-F050C40FC398}.Debug|x86.ActiveCfg = Debug|Any CPU
		{37B7E756-F00E-488A-9DF9-F050C40FC398}.Debug|x86.Build.0 = Debug|Any CPU
		{37B7E756-F00E-488A-9DF9-F050C40FC398}.Release|x64.ActiveCfg = Release|Any CPU
		{37B7E756-F00E-488A-9DF9-F050C40FC398}.Release|x64.Build.0 = Release|Any CPU
		{37B7E756-F00E-488A-9DF9-F050C40FC398}.Release|Any CPU.ActiveCfg = Release|Any CPU
		{37B7E756-F00E-488A-9DF9-F050C40FC398}.Release|Any CPU.Build.0 = Release|Any CPU
		{37B7E756-F00E-488A-9DF9-F050C40FC398}.Release|x86.ActiveCfg = Release|Any CPU
		{37B7E756-F00E-488A-9DF9-F050C40FC398}.Release|x86.Build.0 = Release|Any CPU
		{29047486-99FB-4D75-A3DB-7EDF45AFE9C0}.Debug|x64.ActiveCfg = Debug|Any CPU
		{29047486-99FB-4D75-A3DB-7EDF45AFE9C0}.Debug|x64.Build.0 = Debug|Any CPU
		{29047486-99FB-4D75-A3DB-7EDF45AFE9C0}.Debug|Any CPU.ActiveCfg = Debug|Any CPU
		{29047486-99FB-4D75-A3DB-7EDF45AFE9C0}.Debug|Any CPU.Build.0 = Debug|Any CPU
		{29047486-99FB-4D75-A3DB-7EDF45AFE9C0}.Debug|x86.ActiveCfg = Debug|Any CPU
		{29047486-99FB-4D75-A3DB-7EDF45AFE9C0}.Debug|x86.Build.0 = Debug|Any CPU
		{29047486-99FB-4D75-A3DB-7EDF45AFE9C0}.Release|x64.ActiveCfg = Release|Any CPU
		{29047486-99FB-4D75-A3DB-7EDF45AFE9C0}.Release|x64.Build.0 = Release|Any CPU
		{29047486-99FB-4D75-A3DB-7EDF45AFE9C0}.Release|Any CPU.ActiveCfg = Release|Any CPU
		{29047486-99FB-4D75-A3DB-7EDF45AFE9C0}.Release|Any CPU.Build.0 = Release|Any CPU
		{29047486-99FB-4D75-A3DB-7EDF45AFE9C0}.Release|x86.ActiveCfg = Release|Any CPU
		{29047486-99FB-4D75-A3DB-7EDF45AFE9C0}.Release|x86.Build.0 = Release|Any CPU
		{79E17778-9C57-4B1B-A65E-AF9F5C34047D}.Debug|x64.ActiveCfg = Debug|Any CPU
		{79E17778-9C57-4B1B-A65E-AF9F5C34047D}.Debug|x64.Build.0 = Debug|Any CPU
		{79E17778-9C57-4B1B-A65E-AF9F5C34047D}.Debug|Any CPU.ActiveCfg = Debug|Any CPU
		{79E17778-9C57-4B1B-A65E-AF9F5C34047D}.Debug|Any CPU.Build.0 = Debug|Any CPU
		{79E17778-9C57-4B1B-A65E-AF9F5C34047D}.Debug|x86.ActiveCfg = Debug|Any CPU
		{79E17778-9C57-4B1B-A65E-AF9F5C34047D}.Debug|x86.Build.0 = Debug|Any CPU
		{79E17778-9C57-4B1B-A65E-AF9F5C34047D}.Release|x64.ActiveCfg = Release|Any CPU
		{79E17778-9C57-4B1B-A65E-AF9F5C34047D}.Release|x64.Build.0 = Release|Any CPU
		{79E17778-9C57-4B1B-A65E-AF9F5C34047D}.Release|Any CPU.ActiveCfg = Release|Any CPU
		{79E17778-9C57-4B1B-A65E-AF9F5C34047D}.Release|Any CPU.Build.0 = Release|Any CPU
		{79E17778-9C57-4B1B-A65E-AF9F5C34047D}.Release|x86.ActiveCfg = Release|Any CPU
		{79E17778-9C57-4B1B-A65E-AF9F5C34047D}.Release|x86.Build.0 = Release|Any CPU
		{F1284C07-15DB-4009-839D-9C58B670CC2E}.Debug|x64.ActiveCfg = Debug|Any CPU
		{F1284C07-15DB-4009-839D-9C58B670CC2E}.Debug|x64.Build.0 = Debug|Any CPU
		{F1284C07-15DB-4009-839D-9C58B670CC2E}.Debug|Any CPU.ActiveCfg = Debug|Any CPU
		{F1284C07-15DB-4009-839D-9C58B670CC2E}.Debug|Any CPU.Build.0 = Debug|Any CPU
		{F1284C07-15DB-4009-839D-9C58B670CC2E}.Debug|x86.ActiveCfg = Debug|Any CPU
		{F1284C07-15DB-4009-839D-9C58B670CC2E}.Debug|x86.Build.0 = Debug|Any CPU
		{F1284C07-15DB-4009-839D-9C58B670CC2E}.Release|x64.ActiveCfg = Release|Any CPU
		{F1284C07-15DB-4009-839D-9C58B670CC2E}.Release|x64.Build.0 = Release|Any CPU
		{F1284C07-15DB-4009-839D-9C58B670CC2E}.Release|Any CPU.ActiveCfg = Release|Any CPU
		{F1284C07-15DB-4009-839D-9C58B670CC2E}.Release|Any CPU.Build.0 = Release|Any CPU
		{F1284C07-15DB-4009-839D-9C58B670CC2E}.Release|x86.ActiveCfg = Release|Any CPU
		{F1284C07-15DB-4009-839D-9C58B670CC2E}.Release|x86.Build.0 = Release|Any CPU
		{62B7F011-23B7-4F5E-BEF0-2467D6759B85}.Debug|x64.ActiveCfg = Debug|Any CPU
		{62B7F011-23B7-4F5E-BEF0-2467D6759B85}.Debug|x64.Build.0 = Debug|Any CPU
		{62B7F011-23B7-4F5E-BEF0-2467D6759B85}.Debug|Any CPU.ActiveCfg = Debug|Any CPU
		{62B7F011-23B7-4F5E-BEF0-2467D6759B85}.Debug|Any CPU.Build.0 = Debug|Any CPU
		{62B7F011-23B7-4F5E-BEF0-2467D6759B85}.Debug|x86.ActiveCfg = Debug|Any CPU
		{62B7F011-23B7-4F5E-BEF0-2467D6759B85}.Debug|x86.Build.0 = Debug|Any CPU
		{62B7F011-23B7-4F5E-BEF0-2467D6759B85}.Release|x64.ActiveCfg = Release|Any CPU
		{62B7F011-23B7-4F5E-BEF0-2467D6759B85}.Release|x64.Build.0 = Release|Any CPU
		{62B7F011-23B7-4F5E-BEF0-2467D6759B85}.Release|Any CPU.ActiveCfg = Release|Any CPU
		{62B7F011-23B7-4F5E-BEF0-2467D6759B85}.Release|Any CPU.Build.0 = Release|Any CPU
		{62B7F011-23B7-4F5E-BEF0-2467D6759B85}.Release|x86.ActiveCfg = Release|Any CPU
		{62B7F011-23B7-4F5E-BEF0-2467D6759B85}.Release|x86.Build.0 = Release|Any CPU
		{EF86CCF6-9B9B-4216-A3A4-7C303D2000C0}.Debug|x64.ActiveCfg = Debug|Any CPU
		{EF86CCF6-9B9B-4216-A3A4-7C303D2000C0}.Debug|x64.Build.0 = Debug|Any CPU
		{EF86CCF6-9B9B-4216-A3A4-7C303D2000C0}.Debug|Any CPU.ActiveCfg = Debug|Any CPU
		{EF86CCF6-9B9B-4216-A3A4-7C303D2000C0}.Debug|Any CPU.Build.0 = Debug|Any CPU
		{EF86CCF6-9B9B-4216-A3A4-7C303D2000C0}.Debug|x86.ActiveCfg = Debug|Any CPU
		{EF86CCF6-9B9B-4216-A3A4-7C303D2000C0}.Debug|x86.Build.0 = Debug|Any CPU
		{EF86CCF6-9B9B-4216-A3A4-7C303D2000C0}.Release|x64.ActiveCfg = Release|Any CPU
		{EF86CCF6-9B9B-4216-A3A4-7C303D2000C0}.Release|x64.Build.0 = Release|Any CPU
		{EF86CCF6-9B9B-4216-A3A4-7C303D2000C0}.Release|Any CPU.ActiveCfg = Release|Any CPU
		{EF86CCF6-9B9B-4216-A3A4-7C303D2000C0}.Release|Any CPU.Build.0 = Release|Any CPU
		{EF86CCF6-9B9B-4216-A3A4-7C303D2000C0}.Release|x86.ActiveCfg = Release|Any CPU
		{EF86CCF6-9B9B-4216-A3A4-7C303D2000C0}.Release|x86.Build.0 = Release|Any CPU
		{36B0BC70-807E-473F-B9AC-E2274237352A}.Debug|x64.ActiveCfg = Debug|Any CPU
		{36B0BC70-807E-473F-B9AC-E2274237352A}.Debug|x64.Build.0 = Debug|Any CPU
		{36B0BC70-807E-473F-B9AC-E2274237352A}.Debug|Any CPU.ActiveCfg = Debug|Any CPU
		{36B0BC70-807E-473F-B9AC-E2274237352A}.Debug|Any CPU.Build.0 = Debug|Any CPU
		{36B0BC70-807E-473F-B9AC-E2274237352A}.Debug|x86.ActiveCfg = Debug|Any CPU
		{36B0BC70-807E-473F-B9AC-E2274237352A}.Debug|x86.Build.0 = Debug|Any CPU
		{36B0BC70-807E-473F-B9AC-E2274237352A}.Release|x64.ActiveCfg = Release|Any CPU
		{36B0BC70-807E-473F-B9AC-E2274237352A}.Release|x64.Build.0 = Release|Any CPU
		{36B0BC70-807E-473F-B9AC-E2274237352A}.Release|Any CPU.ActiveCfg = Release|Any CPU
		{36B0BC70-807E-473F-B9AC-E2274237352A}.Release|Any CPU.Build.0 = Release|Any CPU
		{36B0BC70-807E-473F-B9AC-E2274237352A}.Release|x86.ActiveCfg = Release|Any CPU
		{36B0BC70-807E-473F-B9AC-E2274237352A}.Release|x86.Build.0 = Release|Any CPU
		{80680E9A-495C-41C8-A440-23315A39A11B}.Debug|x64.ActiveCfg = Debug|Any CPU
		{80680E9A-495C-41C8-A440-23315A39A11B}.Debug|x64.Build.0 = Debug|Any CPU
		{80680E9A-495C-41C8-A440-23315A39A11B}.Debug|Any CPU.ActiveCfg = Debug|Any CPU
		{80680E9A-495C-41C8-A440-23315A39A11B}.Debug|Any CPU.Build.0 = Debug|Any CPU
		{80680E9A-495C-41C8-A440-23315A39A11B}.Debug|x86.ActiveCfg = Debug|Any CPU
		{80680E9A-495C-41C8-A440-23315A39A11B}.Debug|x86.Build.0 = Debug|Any CPU
		{80680E9A-495C-41C8-A440-23315A39A11B}.Release|x64.ActiveCfg = Release|Any CPU
		{80680E9A-495C-41C8-A440-23315A39A11B}.Release|x64.Build.0 = Release|Any CPU
		{80680E9A-495C-41C8-A440-23315A39A11B}.Release|Any CPU.ActiveCfg = Release|Any CPU
		{80680E9A-495C-41C8-A440-23315A39A11B}.Release|Any CPU.Build.0 = Release|Any CPU
		{80680E9A-495C-41C8-A440-23315A39A11B}.Release|x86.ActiveCfg = Release|Any CPU
		{80680E9A-495C-41C8-A440-23315A39A11B}.Release|x86.Build.0 = Release|Any CPU
		{C4B6F8A1-9D2E-4B70-AC35-7E1D5F9082C4}.Debug|x64.ActiveCfg = Debug|Any CPU
		{C4B6F8A1-9D2E-4B70-AC35-7E1D5F9082C4}.Debug|x64.Build.0 = Debug|Any CPU
		{C4B6F8A1-9D2E-4B70-AC35-7E1D5F9082C4}.Debug|Any CPU.ActiveCfg = Debug|Any CPU
		{C4B6F8A1-9D2E-4B70-AC35-7E1D5F9082C4}.Debug|Any CPU.Build.0 = Debug|Any CPU
		{C4B6F8A1-9D2E-4B70-AC35-7E1D5F9082C4}.Debug|x86.ActiveCfg = Debug|Any CPU
		{C4B6F8A1-9D2E-4B70-AC35-7E1D5F9082C4}.Debug|x86.Build.0 = Debug|Any CPU
		{C4B6F8A1-9D2E-4B70-AC35-7E1D5F9082C4}.Release|x64.ActiveCfg = Release|Any CPU
		{C4B6F8A1-9D2E-4B70-AC35-7E1D5F9082C4}.Release|x64.Build.0 = Release|Any CPU
		{C4B6F8A1-9D2E-4B70-AC35-7E1D5F9082C4}.Release|Any CPU.ActiveCfg = Release|Any CPU
		{C4B6F8A1-9D2E-4B70-AC35-7E1D5F9082C4}.Release|Any CPU.Build.0 = Release|Any CPU
		{C4B6F8A1-9D2E-4B70-AC35-7E1D5F9082C4}.Release|x86.ActiveCfg = Release|Any CPU
		{C4B6F8A1-9D2E-4B70-AC35-7E1D5F9082C4}.Release|x86.Build.0 = Release|Any CPU
		{D5C7A9B2-0E3F-4C81-BD46-8F2E6A0193D5}.Debug|x64.ActiveCfg = Debug|Any CPU
		{D5C7A9B2-0E3F-4C81-BD46-8F2E6A0193D5}.Debug|x64.Build.0 = Debug|Any CPU
		{D5C7A9B2-0E3F-4C81-BD46-8F2E6A0193D5}.Debug|Any CPU.ActiveCfg = Debug|Any CPU
		{D5C7A9B2-0E3F-4C81-BD46-8F2E6A0193D5}.Debug|Any CPU.Build.0 = Debug|Any CPU
		{D5C7A9B2-0E3F-4C81-BD46-8F2E6A0193D5}.Debug|x86.ActiveCfg = Debug|Any CPU
		{D5C7A9B2-0E3F-4C81-BD46-8F2E6A0193D5}.Debug|x86.Build.0 = Debug|Any CPU
		{D5C7A9B2-0E3F-4C81-BD46-8F2E6A0193D5}.Release|x64.ActiveCfg = Release|Any CPU
		{D5C7A9B2-0E3F-4C81-BD46-8F2E6A0193D5}.Release|x64.Build.0 = Release|Any CPU
		{D5C7A9B2-0E3F-4C81-BD46-8F2E6A0193D5}.Release|Any CPU.ActiveCfg = Release|Any CPU
		{D5C7A9B2-0E3F-4C81-BD46-8F2E6A0193D5}.Release|Any CPU.Build.0 = Release|Any CPU
		{D5C7A9B2-0E3F-4C81-BD46-8F2E6A0193D5}.Release|x86.ActiveCfg = Release|Any CPU
		{D5C7A9B2-0E3F-4C81-BD46-8F2E6A0193D5}.Release|x86.Build.0 = Release|Any CPU
	EndGlobalSection
	GlobalSection(SolutionProperties) = preSolution
		HideSolutionNode = FALSE
	EndGlobalSection
	GlobalSection(NestedProjects) = preSolution
	EndGlobalSection
EndGlobal
